
Microsoft Visual Studio Solution File, Format Version 12.00
# Visual Studio Version 16
VisualStudioVersion = 16.0.29503.13
MinimumVisualStudioVersion = 10.0.40219.1
Project("{2150E333-8FDC-42A3-9474-1A3956D46DE8}") = "Sers.Core", "Sers.Core", "{C3954FC1-88A0-4915-AF47-E0B75AAAA63A}"
EndProject
Project("{2150E333-8FDC-42A3-9474-1A3956D46DE8}") = "Sers.ServiceCenter", "Sers.ServiceCenter", "{97C34C06-AE79-4E1A-8D04-EB0107643302}"
EndProject
Project("{2150E333-8FDC-42A3-9474-1A3956D46DE8}") = "Sers.CL", "Sers.CL", "{43888F55-C8DF-43CA-94D5-8CED6AE66D67}"
EndProject
Project("{2150E333-8FDC-42A3-9474-1A3956D46DE8}") = "Socket", "Socket", "{F710260F-7709-4F15-8278-6C9F2D0DA1A2}"
EndProject
Project("{2150E333-8FDC-42A3-9474-1A3956D46DE8}") = "Sers.ServiceStation", "Sers.ServiceStation", "{87F5480C-9740-4E31-8F70-5040B0641E3D}"
EndProject
Project("{2150E333-8FDC-42A3-9474-1A3956D46DE8}") = "ServiceCenter", "ServiceCenter", "{ADF8B647-D701-4460-8384-8FA8E7FAEC11}"
EndProject
Project("{2150E333-8FDC-42A3-9474-1A3956D46DE8}") = "Station", "Station", "{3E627B33-8349-446E-BAE9-884FCE3595D1}"
EndProject
Project("{2150E333-8FDC-42A3-9474-1A3956D46DE8}") = "Gateway", "Gateway", "{D06867E2-E739-4E00-827A-F604E9844CBD}"
EndProject
Project("{2150E333-8FDC-42A3-9474-1A3956D46DE8}") = "Demo", "Demo", "{2FF3A992-36AB-4369-A05B-7684D0B457AF}"
EndProject
Project("{2150E333-8FDC-42A3-9474-1A3956D46DE8}") = "Robot", "Robot", "{B869DCD0-0573-41C1-82D6-59C5FF17C315}"
EndProject
Project("{2150E333-8FDC-42A3-9474-1A3956D46DE8}") = "Sers.Hardware", "Sers.Hardware", "{B9DBEC9A-1220-484C-A6C3-FF10757F117A}"
EndProject
Project("{9A19103F-16F7-4668-BE54-9A1E7A4F7556}") = "Sers.Hardware", "Sers\Sers.Hardware\Sers.Hardware\Sers.Hardware.csproj", "{6E69A650-C60E-4E6C-A725-B00E2B45C5B0}"
EndProject
Project("{2150E333-8FDC-42A3-9474-1A3956D46DE8}") = "Net46", "Net46", "{9D8E52DE-A34A-40B7-AA24-AD960D314B44}"
EndProject
Project("{FAE04EC0-301F-11D3-BF4B-00C04F79EFBC}") = "Sers.Hardware.Net46.Exe", "Sers\Sers.Hardware\Net46\Sers.Hardware.Net46.Exe\Sers.Hardware.Net46.Exe.csproj", "{0DEA61D5-6AD9-4371-A8B6-104BD641B365}"
EndProject
Project("{2150E333-8FDC-42A3-9474-1A3956D46DE8}") = "Sers", "Sers", "{5522AB94-C73C-4BB6-A2DB-8E84061D0D14}"
EndProject
Project("{9A19103F-16F7-4668-BE54-9A1E7A4F7556}") = "Sers.Core", "Sers\Sers.Core\Sers.Core\Sers.Core.csproj", "{6A9CAD1E-6EE3-4D16-ADE1-6A99374E2E0B}"
EndProject
Project("{9A19103F-16F7-4668-BE54-9A1E7A4F7556}") = "Sers.ServiceStation", "Sers\Sers.ServiceStation\Sers.ServiceStation\Sers.ServiceStation.csproj", "{4DF23DD3-8BB6-49FE-A0E1-3B808145F14A}"
EndProject
Project("{9A19103F-16F7-4668-BE54-9A1E7A4F7556}") = "Sers.ServiceCenter", "Sers\Sers.ServiceCenter\Sers.ServiceCenter\Sers.ServiceCenter.csproj", "{A23FC09E-008D-42F7-9073-AAA23FFF78C7}"
EndProject
Project("{9A19103F-16F7-4668-BE54-9A1E7A4F7556}") = "Sers.Core.Module.LocalApi.MsTest", "Test\Sers\Sers.Core\Sers.Core.Module.LocalApi.MsTest\Sers.Core.Module.LocalApi.MsTest.csproj", "{83433738-91A6-452D-BE86-94E328B07408}"
EndProject
Project("{9A19103F-16F7-4668-BE54-9A1E7A4F7556}") = "Sers.Core.Module.Rpc.MsTest", "Test\Sers\Sers.Core\Sers.Core.Module.Rpc.MsTest\Sers.Core.Module.Rpc.MsTest.csproj", "{630DB1CA-5E81-4E6E-8060-3043FF73A467}"
EndProject
Project("{2150E333-8FDC-42A3-9474-1A3956D46DE8}") = "Sers.Ioc", "Sers.Ioc", "{F6D90A49-B744-4264-A988-B3EB7C8BA15C}"
EndProject
Project("{2150E333-8FDC-42A3-9474-1A3956D46DE8}") = "netcore", "netcore", "{A0DE26A4-A6A1-48D6-9858-6509E2E36ECD}"
EndProject
Project("{2150E333-8FDC-42A3-9474-1A3956D46DE8}") = "Sers.Gateway", "Sers.Gateway", "{B673B4DA-E225-4A14-A6E2-74AD4673EA96}"
EndProject
Project("{9A19103F-16F7-4668-BE54-9A1E7A4F7556}") = "Sers.Hardware.Demo", "Test\Sers\Sers.Hardware\Sers.Hardware.Demo\Sers.Hardware.Demo.csproj", "{336B80DF-8DB2-4ECD-87FE-BD2807A6CA71}"
EndProject
Project("{9A19103F-16F7-4668-BE54-9A1E7A4F7556}") = "App.Gateway", "netcore\Gateway\App.Gateway\App.Gateway.csproj", "{F773BB7D-F3D8-416B-8743-377128551868}"
EndProject
Project("{9A19103F-16F7-4668-BE54-9A1E7A4F7556}") = "App.Gover.Gateway", "netcore\ServiceCenter\App.Gover.Gateway\App.Gover.Gateway.csproj", "{3AE85F9E-41F5-4FF9-84A6-73B1A6EAB211}"
EndProject
Project("{9A19103F-16F7-4668-BE54-9A1E7A4F7556}") = "App.ServiceCenter", "netcore\ServiceCenter\App.ServiceCenter\App.ServiceCenter.csproj", "{8FFC9209-7FA9-4B5B-B410-B6B316D2E3AA}"
EndProject
Project("{9A19103F-16F7-4668-BE54-9A1E7A4F7556}") = "App.Robot.Station", "netcore\Station\Robot\App.Robot.Station\App.Robot.Station.csproj", "{8010ED31-A1F0-4292-A70C-F39D5A8572BE}"
EndProject
Project("{2150E333-8FDC-42A3-9474-1A3956D46DE8}") = "Zmq", "Zmq", "{60A2862F-A007-46EE-B6FA-801F2F673A07}"
EndProject
Project("{2150E333-8FDC-42A3-9474-1A3956D46DE8}") = "ThreadWait", "ThreadWait", "{99B93100-C63E-4B2C-AC80-092A02EDE10C}"
EndProject
Project("{2150E333-8FDC-42A3-9474-1A3956D46DE8}") = "WebApi21", "WebApi21", "{DA14C04D-FEEF-4A3C-A9F2-BBA25897B9A4}"
EndProject
Project("{9A19103F-16F7-4668-BE54-9A1E7A4F7556}") = "App.WebApi21.Station", "netcore\WebApi21\App.WebApi21.Station\App.WebApi21.Station.csproj", "{70D6F463-AB83-421C-89BA-D8C3FEFBD0FE}"
EndProject
Project("{9A19103F-16F7-4668-BE54-9A1E7A4F7556}") = "Sers.ApiLoader.WebApi21", "netcore\WebApi21\Sers.ApiLoader.WebApi21\Sers.ApiLoader.WebApi21.csproj", "{C67F5248-22D0-4810-A296-611F6DB3D786}"
EndProject
Project("{2150E333-8FDC-42A3-9474-1A3956D46DE8}") = "Vit", "Vit", "{C845E999-2AF8-4593-8504-AA76BDDAFBD6}"
EndProject
Project("{9A19103F-16F7-4668-BE54-9A1E7A4F7556}") = "Vit.Core", "Vit\Vit.Core\Vit.Core\Vit.Core.csproj", "{3D93159D-0B56-44A3-8C3E-B8610FD05045}"
EndProject
Project("{9A19103F-16F7-4668-BE54-9A1E7A4F7556}") = "Sers.Ioc", "Sers\Sers.Ioc\Sers.Ioc\Sers.Ioc.csproj", "{4E3DBB4B-C54A-41D8-A905-AFA871FB9150}"
EndProject
Project("{2150E333-8FDC-42A3-9474-1A3956D46DE8}") = "Vit.Core", "Vit.Core", "{9D48C58A-06FB-4471-BEE6-5795027F8378}"
EndProject
Project("{2150E333-8FDC-42A3-9474-1A3956D46DE8}") = "Vit.Ioc", "Vit.Ioc", "{66076BFD-0EBF-479D-8231-32499EE328AC}"
EndProject
Project("{9A19103F-16F7-4668-BE54-9A1E7A4F7556}") = "Vit.Ioc", "Vit\Vit.Ioc\Vit.Ioc\Vit.Ioc.csproj", "{198B2DF1-FFC5-41AB-B836-C54E8B07667C}"
EndProject
Project("{9A19103F-16F7-4668-BE54-9A1E7A4F7556}") = "Sers.Core.MsTest", "Test\Sers\Sers.Core\Sers.Core.MsTest\Sers.Core.MsTest.csproj", "{E64CC125-FB1E-4D3A-8D05-BA5A85D28582}"
EndProject
Project("{9A19103F-16F7-4668-BE54-9A1E7A4F7556}") = "App.Demo.Station", "netcore\Station\Demo\App.Demo.Station\App.Demo.Station.csproj", "{7C6A5EE4-65C4-4766-96F1-09683152390D}"
EndProject
Project("{9A19103F-16F7-4668-BE54-9A1E7A4F7556}") = "App.Ioc.Station", "netcore\Station\Demo\App.Ioc.Station\App.Ioc.Station.csproj", "{8EC88C69-A05D-46C5-8F4D-819328525443}"
EndProject
Project("{2150E333-8FDC-42A3-9474-1A3956D46DE8}") = "Test", "Test", "{B0C8734C-7CAC-4EA4-BF49-4ECE4876BB5D}"
EndProject
Project("{2150E333-8FDC-42A3-9474-1A3956D46DE8}") = "Test", "Test", "{25BC0652-B003-4DF5-87E5-327BE2A6FCEF}"
EndProject
Project("{2150E333-8FDC-42A3-9474-1A3956D46DE8}") = "Test", "Test", "{37633A5F-54B5-4179-8BCD-B7B422B4857C}"
EndProject
Project("{2150E333-8FDC-42A3-9474-1A3956D46DE8}") = "Test", "Test", "{8ECF169A-14B8-469F-AA72-F1125238B5D7}"
EndProject
Project("{2150E333-8FDC-42A3-9474-1A3956D46DE8}") = "Serslot", "Serslot", "{015B5793-0478-4884-A58B-8889639FD65A}"
EndProject
Project("{9A19103F-16F7-4668-BE54-9A1E7A4F7556}") = "Vit.Core.MsTest", "Vit\Vit.Core\Test\Vit.Core.MsTest\Vit.Core.MsTest.csproj", "{B686E6B8-1509-4768-8602-AA06711C3F9F}"
EndProject
Project("{9A19103F-16F7-4668-BE54-9A1E7A4F7556}") = "Vit.Ioc.MsTest", "Vit\Vit.Ioc\Test\Vit.Ioc.MsTest\Vit.Ioc.MsTest.csproj", "{6C04582F-F873-4B09-885A-D51F7602A196}"
EndProject
Project("{9A19103F-16F7-4668-BE54-9A1E7A4F7556}") = "Sers.Gover", "Sers\Sers.ServiceCenter\Sers.Gover\Sers.Gover.csproj", "{83CC90EB-7389-4F3C-855B-BEC5FE60FAB0}"
EndProject
Project("{9A19103F-16F7-4668-BE54-9A1E7A4F7556}") = "Sers.CL.Socket.Iocp", "Sers\Sers.CL\Socket\Sers.CL.Socket.Iocp\Sers.CL.Socket.Iocp.csproj", "{0D8F91B2-A507-4B3D-B562-52A7584976D5}"
EndProject
Project("{9A19103F-16F7-4668-BE54-9A1E7A4F7556}") = "Sers.CL.Socket.ThreadWait", "Sers\Sers.CL\Socket\Sers.CL.Socket.ThreadWait\Sers.CL.Socket.ThreadWait.csproj", "{84B54BE2-F856-4A87-9A67-C5285AB555E5}"
EndProject
Project("{9A19103F-16F7-4668-BE54-9A1E7A4F7556}") = "ZeroMQ.netcore", "Sers\Sers.CL\Zmq\ThreadWait\clrzmq4-master\ZeroMQ.netcore.csproj", "{6C7769AF-6D52-480F-9E83-E94683B7A935}"
EndProject
Project("{9A19103F-16F7-4668-BE54-9A1E7A4F7556}") = "Sers.CL.ClrZmq.ThreadWait", "Sers\Sers.CL\Zmq\ThreadWait\Sers.CL.ClrZmq.ThreadWait\Sers.CL.ClrZmq.ThreadWait.csproj", "{CE00D230-4238-4405-A543-5172BC57E812}"
EndProject
Project("{2150E333-8FDC-42A3-9474-1A3956D46DE8}") = "Ipc", "Ipc", "{ECEEABBB-DEA2-4CD4-99EA-3E048DB23219}"
EndProject
Project("{9A19103F-16F7-4668-BE54-9A1E7A4F7556}") = "Sers.CL.Ipc.SharedMemory", "Sers\Sers.CL\Ipc\Sers.CL.Ipc.SharedMemory\Sers.CL.Ipc.SharedMemory.csproj", "{A6BFCFBE-54E5-4D3C-8668-932ACAD68304}"
EndProject
Project("{2150E333-8FDC-42A3-9474-1A3956D46DE8}") = "Test", "Test", "{077D1A80-2842-4191-ABAA-BFC30661577D}"
EndProject
Project("{2150E333-8FDC-42A3-9474-1A3956D46DE8}") = "CommunicationManage", "CommunicationManage", "{0EF01864-BC8C-4C94-8F83-5BB6CC4FECB8}"
EndProject
Project("{9A19103F-16F7-4668-BE54-9A1E7A4F7556}") = "CLClient", "Sers\Sers.CL\Test\CommunicationManage\Client\CLClient.csproj", "{0A1364C6-DAEA-431A-A4D9-BC26AFD085B5}"
EndProject
Project("{9A19103F-16F7-4668-BE54-9A1E7A4F7556}") = "CLServer", "Sers\Sers.CL\Test\CommunicationManage\Server\CLServer.csproj", "{D99AFDEC-A949-4A08-80C8-F62D778D7207}"
EndProject
Project("{2150E333-8FDC-42A3-9474-1A3956D46DE8}") = "WebSocket", "WebSocket", "{CDB42445-C074-4DF4-98C3-FD1978C3E372}"
EndProject
Project("{9A19103F-16F7-4668-BE54-9A1E7A4F7556}") = "Sers.CL.WebSocket", "Sers\Sers.CL\WebSocket\Sers.CL.WebSocket\Sers.CL.WebSocket.csproj", "{E8965AC0-EB68-4027-AC4A-4FD1FBCB25AC}"
EndProject
Project("{2150E333-8FDC-42A3-9474-1A3956D46DE8}") = "MessageDelivery", "MessageDelivery", "{4E874DC3-754A-4FE2-92B5-98ADFF74B369}"
EndProject
Project("{9A19103F-16F7-4668-BE54-9A1E7A4F7556}") = "DeliveryTest", "Sers\Sers.CL\Test\MessageDelivery\DeliveryTest\DeliveryTest.csproj", "{BD2BD62B-5B1D-4CF3-AD1C-4330DD6C0DB1}"
EndProject
Project("{9A19103F-16F7-4668-BE54-9A1E7A4F7556}") = "Sers.Serslot", "netcore\Serslot\Sers.Serslot\Sers.Serslot.csproj", "{DFA9C52E-8689-4518-B799-0149439807C1}"
EndProject
Project("{9A19103F-16F7-4668-BE54-9A1E7A4F7556}") = "App.Serslot.Station", "netcore\Serslot\App.Serslot.Station\App.Serslot.Station.csproj", "{1D5342B1-5A64-4B42-9E9A-486B1E6BFCC0}"
EndProject
Project("{2150E333-8FDC-42A3-9474-1A3956D46DE8}") = "FullDuplex", "FullDuplex", "{DA1CCBE3-A503-4177-B262-AD4A1E077E71}"
EndProject
Project("{9A19103F-16F7-4668-BE54-9A1E7A4F7556}") = "Sers.CL.Zmq.FullDuplex", "Sers\Sers.CL\Zmq\FullDuplex\Sers.CL.Zmq.FullDuplex\Sers.CL.Zmq.FullDuplex.csproj", "{E1DB58F9-17F4-43AD-A1E2-A0465A1B4716}"
EndProject
Project("{9A19103F-16F7-4668-BE54-9A1E7A4F7556}") = "Vit.WebHost", "Vit\Vit.WebHost\Vit.WebHost.csproj", "{B1CB847A-A78D-4229-BB8D-FABD37445DE8}"
EndProject
Project("{9A19103F-16F7-4668-BE54-9A1E7A4F7556}") = "Sers.Gateway", "Sers\Sers.Gateway\Sers.Gateway\Sers.Gateway.csproj", "{F76CA330-B9B7-4191-A420-CC3E2A18D3FF}"
EndProject
Project("{9A19103F-16F7-4668-BE54-9A1E7A4F7556}") = "Vit.Net.Http.FormFile", "Vit\Vit.Net.Http.FormFile\Vit.Net.Http.FormFile.csproj", "{02CF94E4-59E8-413E-B709-7A75A2258E31}"
EndProject
Global
	GlobalSection(SolutionConfigurationPlatforms) = preSolution
		Debug|Any CPU = Debug|Any CPU
		Release|Any CPU = Release|Any CPU
	EndGlobalSection
	GlobalSection(ProjectConfigurationPlatforms) = postSolution
		{6E69A650-C60E-4E6C-A725-B00E2B45C5B0}.Debug|Any CPU.ActiveCfg = Debug|Any CPU
		{6E69A650-C60E-4E6C-A725-B00E2B45C5B0}.Debug|Any CPU.Build.0 = Debug|Any CPU
		{6E69A650-C60E-4E6C-A725-B00E2B45C5B0}.Release|Any CPU.ActiveCfg = Release|Any CPU
		{6E69A650-C60E-4E6C-A725-B00E2B45C5B0}.Release|Any CPU.Build.0 = Release|Any CPU
		{0DEA61D5-6AD9-4371-A8B6-104BD641B365}.Debug|Any CPU.ActiveCfg = Debug|Any CPU
		{0DEA61D5-6AD9-4371-A8B6-104BD641B365}.Debug|Any CPU.Build.0 = Debug|Any CPU
		{0DEA61D5-6AD9-4371-A8B6-104BD641B365}.Release|Any CPU.ActiveCfg = Release|Any CPU
		{0DEA61D5-6AD9-4371-A8B6-104BD641B365}.Release|Any CPU.Build.0 = Release|Any CPU
		{6A9CAD1E-6EE3-4D16-ADE1-6A99374E2E0B}.Debug|Any CPU.ActiveCfg = Debug|Any CPU
		{6A9CAD1E-6EE3-4D16-ADE1-6A99374E2E0B}.Debug|Any CPU.Build.0 = Debug|Any CPU
		{6A9CAD1E-6EE3-4D16-ADE1-6A99374E2E0B}.Release|Any CPU.ActiveCfg = Release|Any CPU
		{6A9CAD1E-6EE3-4D16-ADE1-6A99374E2E0B}.Release|Any CPU.Build.0 = Release|Any CPU
		{4DF23DD3-8BB6-49FE-A0E1-3B808145F14A}.Debug|Any CPU.ActiveCfg = Debug|Any CPU
		{4DF23DD3-8BB6-49FE-A0E1-3B808145F14A}.Debug|Any CPU.Build.0 = Debug|Any CPU
		{4DF23DD3-8BB6-49FE-A0E1-3B808145F14A}.Release|Any CPU.ActiveCfg = Release|Any CPU
		{4DF23DD3-8BB6-49FE-A0E1-3B808145F14A}.Release|Any CPU.Build.0 = Release|Any CPU
		{A23FC09E-008D-42F7-9073-AAA23FFF78C7}.Debug|Any CPU.ActiveCfg = Debug|Any CPU
		{A23FC09E-008D-42F7-9073-AAA23FFF78C7}.Debug|Any CPU.Build.0 = Debug|Any CPU
		{A23FC09E-008D-42F7-9073-AAA23FFF78C7}.Release|Any CPU.ActiveCfg = Release|Any CPU
		{A23FC09E-008D-42F7-9073-AAA23FFF78C7}.Release|Any CPU.Build.0 = Release|Any CPU
		{83433738-91A6-452D-BE86-94E328B07408}.Debug|Any CPU.ActiveCfg = Debug|Any CPU
		{83433738-91A6-452D-BE86-94E328B07408}.Debug|Any CPU.Build.0 = Debug|Any CPU
		{83433738-91A6-452D-BE86-94E328B07408}.Release|Any CPU.ActiveCfg = Release|Any CPU
		{83433738-91A6-452D-BE86-94E328B07408}.Release|Any CPU.Build.0 = Release|Any CPU
		{630DB1CA-5E81-4E6E-8060-3043FF73A467}.Debug|Any CPU.ActiveCfg = Debug|Any CPU
		{630DB1CA-5E81-4E6E-8060-3043FF73A467}.Debug|Any CPU.Build.0 = Debug|Any CPU
		{630DB1CA-5E81-4E6E-8060-3043FF73A467}.Release|Any CPU.ActiveCfg = Release|Any CPU
		{630DB1CA-5E81-4E6E-8060-3043FF73A467}.Release|Any CPU.Build.0 = Release|Any CPU
		{336B80DF-8DB2-4ECD-87FE-BD2807A6CA71}.Debug|Any CPU.ActiveCfg = Debug|Any CPU
		{336B80DF-8DB2-4ECD-87FE-BD2807A6CA71}.Debug|Any CPU.Build.0 = Debug|Any CPU
		{336B80DF-8DB2-4ECD-87FE-BD2807A6CA71}.Release|Any CPU.ActiveCfg = Release|Any CPU
		{336B80DF-8DB2-4ECD-87FE-BD2807A6CA71}.Release|Any CPU.Build.0 = Release|Any CPU
		{F773BB7D-F3D8-416B-8743-377128551868}.Debug|Any CPU.ActiveCfg = Debug|Any CPU
		{F773BB7D-F3D8-416B-8743-377128551868}.Debug|Any CPU.Build.0 = Debug|Any CPU
		{F773BB7D-F3D8-416B-8743-377128551868}.Release|Any CPU.ActiveCfg = Release|Any CPU
		{F773BB7D-F3D8-416B-8743-377128551868}.Release|Any CPU.Build.0 = Release|Any CPU
		{3AE85F9E-41F5-4FF9-84A6-73B1A6EAB211}.Debug|Any CPU.ActiveCfg = Debug|Any CPU
		{3AE85F9E-41F5-4FF9-84A6-73B1A6EAB211}.Debug|Any CPU.Build.0 = Debug|Any CPU
		{3AE85F9E-41F5-4FF9-84A6-73B1A6EAB211}.Release|Any CPU.ActiveCfg = Release|Any CPU
		{3AE85F9E-41F5-4FF9-84A6-73B1A6EAB211}.Release|Any CPU.Build.0 = Release|Any CPU
		{8FFC9209-7FA9-4B5B-B410-B6B316D2E3AA}.Debug|Any CPU.ActiveCfg = Debug|Any CPU
		{8FFC9209-7FA9-4B5B-B410-B6B316D2E3AA}.Debug|Any CPU.Build.0 = Debug|Any CPU
		{8FFC9209-7FA9-4B5B-B410-B6B316D2E3AA}.Release|Any CPU.ActiveCfg = Release|Any CPU
		{8FFC9209-7FA9-4B5B-B410-B6B316D2E3AA}.Release|Any CPU.Build.0 = Release|Any CPU
		{8010ED31-A1F0-4292-A70C-F39D5A8572BE}.Debug|Any CPU.ActiveCfg = Debug|Any CPU
		{8010ED31-A1F0-4292-A70C-F39D5A8572BE}.Debug|Any CPU.Build.0 = Debug|Any CPU
		{8010ED31-A1F0-4292-A70C-F39D5A8572BE}.Release|Any CPU.ActiveCfg = Release|Any CPU
		{8010ED31-A1F0-4292-A70C-F39D5A8572BE}.Release|Any CPU.Build.0 = Release|Any CPU
		{70D6F463-AB83-421C-89BA-D8C3FEFBD0FE}.Debug|Any CPU.ActiveCfg = Debug|Any CPU
		{70D6F463-AB83-421C-89BA-D8C3FEFBD0FE}.Debug|Any CPU.Build.0 = Debug|Any CPU
		{70D6F463-AB83-421C-89BA-D8C3FEFBD0FE}.Release|Any CPU.ActiveCfg = Release|Any CPU
		{70D6F463-AB83-421C-89BA-D8C3FEFBD0FE}.Release|Any CPU.Build.0 = Release|Any CPU
		{C67F5248-22D0-4810-A296-611F6DB3D786}.Debug|Any CPU.ActiveCfg = Debug|Any CPU
		{C67F5248-22D0-4810-A296-611F6DB3D786}.Debug|Any CPU.Build.0 = Debug|Any CPU
		{C67F5248-22D0-4810-A296-611F6DB3D786}.Release|Any CPU.ActiveCfg = Release|Any CPU
		{C67F5248-22D0-4810-A296-611F6DB3D786}.Release|Any CPU.Build.0 = Release|Any CPU
		{3D93159D-0B56-44A3-8C3E-B8610FD05045}.Debug|Any CPU.ActiveCfg = Debug|Any CPU
		{3D93159D-0B56-44A3-8C3E-B8610FD05045}.Debug|Any CPU.Build.0 = Debug|Any CPU
		{3D93159D-0B56-44A3-8C3E-B8610FD05045}.Release|Any CPU.ActiveCfg = Release|Any CPU
		{3D93159D-0B56-44A3-8C3E-B8610FD05045}.Release|Any CPU.Build.0 = Release|Any CPU
		{4E3DBB4B-C54A-41D8-A905-AFA871FB9150}.Debug|Any CPU.ActiveCfg = Debug|Any CPU
		{4E3DBB4B-C54A-41D8-A905-AFA871FB9150}.Debug|Any CPU.Build.0 = Debug|Any CPU
		{4E3DBB4B-C54A-41D8-A905-AFA871FB9150}.Release|Any CPU.ActiveCfg = Release|Any CPU
		{4E3DBB4B-C54A-41D8-A905-AFA871FB9150}.Release|Any CPU.Build.0 = Release|Any CPU
		{198B2DF1-FFC5-41AB-B836-C54E8B07667C}.Debug|Any CPU.ActiveCfg = Debug|Any CPU
		{198B2DF1-FFC5-41AB-B836-C54E8B07667C}.Debug|Any CPU.Build.0 = Debug|Any CPU
		{198B2DF1-FFC5-41AB-B836-C54E8B07667C}.Release|Any CPU.ActiveCfg = Release|Any CPU
		{198B2DF1-FFC5-41AB-B836-C54E8B07667C}.Release|Any CPU.Build.0 = Release|Any CPU
		{E64CC125-FB1E-4D3A-8D05-BA5A85D28582}.Debug|Any CPU.ActiveCfg = Debug|Any CPU
		{E64CC125-FB1E-4D3A-8D05-BA5A85D28582}.Debug|Any CPU.Build.0 = Debug|Any CPU
		{E64CC125-FB1E-4D3A-8D05-BA5A85D28582}.Release|Any CPU.ActiveCfg = Release|Any CPU
		{E64CC125-FB1E-4D3A-8D05-BA5A85D28582}.Release|Any CPU.Build.0 = Release|Any CPU
		{7C6A5EE4-65C4-4766-96F1-09683152390D}.Debug|Any CPU.ActiveCfg = Debug|Any CPU
		{7C6A5EE4-65C4-4766-96F1-09683152390D}.Debug|Any CPU.Build.0 = Debug|Any CPU
		{7C6A5EE4-65C4-4766-96F1-09683152390D}.Release|Any CPU.ActiveCfg = Release|Any CPU
		{7C6A5EE4-65C4-4766-96F1-09683152390D}.Release|Any CPU.Build.0 = Release|Any CPU
		{8EC88C69-A05D-46C5-8F4D-819328525443}.Debug|Any CPU.ActiveCfg = Debug|Any CPU
		{8EC88C69-A05D-46C5-8F4D-819328525443}.Debug|Any CPU.Build.0 = Debug|Any CPU
		{8EC88C69-A05D-46C5-8F4D-819328525443}.Release|Any CPU.ActiveCfg = Release|Any CPU
		{8EC88C69-A05D-46C5-8F4D-819328525443}.Release|Any CPU.Build.0 = Release|Any CPU
		{B686E6B8-1509-4768-8602-AA06711C3F9F}.Debug|Any CPU.ActiveCfg = Debug|Any CPU
		{B686E6B8-1509-4768-8602-AA06711C3F9F}.Debug|Any CPU.Build.0 = Debug|Any CPU
		{B686E6B8-1509-4768-8602-AA06711C3F9F}.Release|Any CPU.ActiveCfg = Release|Any CPU
		{B686E6B8-1509-4768-8602-AA06711C3F9F}.Release|Any CPU.Build.0 = Release|Any CPU
		{6C04582F-F873-4B09-885A-D51F7602A196}.Debug|Any CPU.ActiveCfg = Debug|Any CPU
		{6C04582F-F873-4B09-885A-D51F7602A196}.Debug|Any CPU.Build.0 = Debug|Any CPU
		{6C04582F-F873-4B09-885A-D51F7602A196}.Release|Any CPU.ActiveCfg = Release|Any CPU
		{6C04582F-F873-4B09-885A-D51F7602A196}.Release|Any CPU.Build.0 = Release|Any CPU
		{83CC90EB-7389-4F3C-855B-BEC5FE60FAB0}.Debug|Any CPU.ActiveCfg = Debug|Any CPU
		{83CC90EB-7389-4F3C-855B-BEC5FE60FAB0}.Debug|Any CPU.Build.0 = Debug|Any CPU
		{83CC90EB-7389-4F3C-855B-BEC5FE60FAB0}.Release|Any CPU.ActiveCfg = Release|Any CPU
		{83CC90EB-7389-4F3C-855B-BEC5FE60FAB0}.Release|Any CPU.Build.0 = Release|Any CPU
		{0D8F91B2-A507-4B3D-B562-52A7584976D5}.Debug|Any CPU.ActiveCfg = Debug|Any CPU
		{0D8F91B2-A507-4B3D-B562-52A7584976D5}.Debug|Any CPU.Build.0 = Debug|Any CPU
		{0D8F91B2-A507-4B3D-B562-52A7584976D5}.Release|Any CPU.ActiveCfg = Release|Any CPU
		{0D8F91B2-A507-4B3D-B562-52A7584976D5}.Release|Any CPU.Build.0 = Release|Any CPU
		{84B54BE2-F856-4A87-9A67-C5285AB555E5}.Debug|Any CPU.ActiveCfg = Debug|Any CPU
		{84B54BE2-F856-4A87-9A67-C5285AB555E5}.Debug|Any CPU.Build.0 = Debug|Any CPU
		{84B54BE2-F856-4A87-9A67-C5285AB555E5}.Release|Any CPU.ActiveCfg = Release|Any CPU
		{84B54BE2-F856-4A87-9A67-C5285AB555E5}.Release|Any CPU.Build.0 = Release|Any CPU
		{6C7769AF-6D52-480F-9E83-E94683B7A935}.Debug|Any CPU.ActiveCfg = Debug|Any CPU
		{6C7769AF-6D52-480F-9E83-E94683B7A935}.Debug|Any CPU.Build.0 = Debug|Any CPU
		{6C7769AF-6D52-480F-9E83-E94683B7A935}.Release|Any CPU.ActiveCfg = Release|Any CPU
		{6C7769AF-6D52-480F-9E83-E94683B7A935}.Release|Any CPU.Build.0 = Release|Any CPU
		{CE00D230-4238-4405-A543-5172BC57E812}.Debug|Any CPU.ActiveCfg = Debug|Any CPU
		{CE00D230-4238-4405-A543-5172BC57E812}.Debug|Any CPU.Build.0 = Debug|Any CPU
		{CE00D230-4238-4405-A543-5172BC57E812}.Release|Any CPU.ActiveCfg = Release|Any CPU
		{CE00D230-4238-4405-A543-5172BC57E812}.Release|Any CPU.Build.0 = Release|Any CPU
		{A6BFCFBE-54E5-4D3C-8668-932ACAD68304}.Debug|Any CPU.ActiveCfg = Debug|Any CPU
		{A6BFCFBE-54E5-4D3C-8668-932ACAD68304}.Debug|Any CPU.Build.0 = Debug|Any CPU
		{A6BFCFBE-54E5-4D3C-8668-932ACAD68304}.Release|Any CPU.ActiveCfg = Release|Any CPU
		{A6BFCFBE-54E5-4D3C-8668-932ACAD68304}.Release|Any CPU.Build.0 = Release|Any CPU
		{0A1364C6-DAEA-431A-A4D9-BC26AFD085B5}.Debug|Any CPU.ActiveCfg = Debug|Any CPU
		{0A1364C6-DAEA-431A-A4D9-BC26AFD085B5}.Debug|Any CPU.Build.0 = Debug|Any CPU
		{0A1364C6-DAEA-431A-A4D9-BC26AFD085B5}.Release|Any CPU.ActiveCfg = Release|Any CPU
		{0A1364C6-DAEA-431A-A4D9-BC26AFD085B5}.Release|Any CPU.Build.0 = Release|Any CPU
		{D99AFDEC-A949-4A08-80C8-F62D778D7207}.Debug|Any CPU.ActiveCfg = Debug|Any CPU
		{D99AFDEC-A949-4A08-80C8-F62D778D7207}.Debug|Any CPU.Build.0 = Debug|Any CPU
		{D99AFDEC-A949-4A08-80C8-F62D778D7207}.Release|Any CPU.ActiveCfg = Release|Any CPU
		{D99AFDEC-A949-4A08-80C8-F62D778D7207}.Release|Any CPU.Build.0 = Release|Any CPU
		{E8965AC0-EB68-4027-AC4A-4FD1FBCB25AC}.Debug|Any CPU.ActiveCfg = Debug|Any CPU
		{E8965AC0-EB68-4027-AC4A-4FD1FBCB25AC}.Debug|Any CPU.Build.0 = Debug|Any CPU
		{E8965AC0-EB68-4027-AC4A-4FD1FBCB25AC}.Release|Any CPU.ActiveCfg = Release|Any CPU
		{E8965AC0-EB68-4027-AC4A-4FD1FBCB25AC}.Release|Any CPU.Build.0 = Release|Any CPU
		{BD2BD62B-5B1D-4CF3-AD1C-4330DD6C0DB1}.Debug|Any CPU.ActiveCfg = Debug|Any CPU
		{BD2BD62B-5B1D-4CF3-AD1C-4330DD6C0DB1}.Debug|Any CPU.Build.0 = Debug|Any CPU
		{BD2BD62B-5B1D-4CF3-AD1C-4330DD6C0DB1}.Release|Any CPU.ActiveCfg = Release|Any CPU
		{BD2BD62B-5B1D-4CF3-AD1C-4330DD6C0DB1}.Release|Any CPU.Build.0 = Release|Any CPU
		{DFA9C52E-8689-4518-B799-0149439807C1}.Debug|Any CPU.ActiveCfg = Debug|Any CPU
		{DFA9C52E-8689-4518-B799-0149439807C1}.Debug|Any CPU.Build.0 = Debug|Any CPU
		{DFA9C52E-8689-4518-B799-0149439807C1}.Release|Any CPU.ActiveCfg = Release|Any CPU
		{DFA9C52E-8689-4518-B799-0149439807C1}.Release|Any CPU.Build.0 = Release|Any CPU
		{1D5342B1-5A64-4B42-9E9A-486B1E6BFCC0}.Debug|Any CPU.ActiveCfg = Debug|Any CPU
		{1D5342B1-5A64-4B42-9E9A-486B1E6BFCC0}.Debug|Any CPU.Build.0 = Debug|Any CPU
		{1D5342B1-5A64-4B42-9E9A-486B1E6BFCC0}.Release|Any CPU.ActiveCfg = Release|Any CPU
		{1D5342B1-5A64-4B42-9E9A-486B1E6BFCC0}.Release|Any CPU.Build.0 = Release|Any CPU
		{E1DB58F9-17F4-43AD-A1E2-A0465A1B4716}.Debug|Any CPU.ActiveCfg = Debug|Any CPU
		{E1DB58F9-17F4-43AD-A1E2-A0465A1B4716}.Debug|Any CPU.Build.0 = Debug|Any CPU
		{E1DB58F9-17F4-43AD-A1E2-A0465A1B4716}.Release|Any CPU.ActiveCfg = Release|Any CPU
		{E1DB58F9-17F4-43AD-A1E2-A0465A1B4716}.Release|Any CPU.Build.0 = Release|Any CPU
		{B1CB847A-A78D-4229-BB8D-FABD37445DE8}.Debug|Any CPU.ActiveCfg = Debug|Any CPU
		{B1CB847A-A78D-4229-BB8D-FABD37445DE8}.Debug|Any CPU.Build.0 = Debug|Any CPU
		{B1CB847A-A78D-4229-BB8D-FABD37445DE8}.Release|Any CPU.ActiveCfg = Release|Any CPU
		{B1CB847A-A78D-4229-BB8D-FABD37445DE8}.Release|Any CPU.Build.0 = Release|Any CPU
		{F76CA330-B9B7-4191-A420-CC3E2A18D3FF}.Debug|Any CPU.ActiveCfg = Debug|Any CPU
		{F76CA330-B9B7-4191-A420-CC3E2A18D3FF}.Debug|Any CPU.Build.0 = Debug|Any CPU
		{F76CA330-B9B7-4191-A420-CC3E2A18D3FF}.Release|Any CPU.ActiveCfg = Release|Any CPU
		{F76CA330-B9B7-4191-A420-CC3E2A18D3FF}.Release|Any CPU.Build.0 = Release|Any CPU
		{02CF94E4-59E8-413E-B709-7A75A2258E31}.Debug|Any CPU.ActiveCfg = Debug|Any CPU
		{02CF94E4-59E8-413E-B709-7A75A2258E31}.Debug|Any CPU.Build.0 = Debug|Any CPU
		{02CF94E4-59E8-413E-B709-7A75A2258E31}.Release|Any CPU.ActiveCfg = Release|Any CPU
		{02CF94E4-59E8-413E-B709-7A75A2258E31}.Release|Any CPU.Build.0 = Release|Any CPU
	EndGlobalSection
	GlobalSection(SolutionProperties) = preSolution
		HideSolutionNode = FALSE
	EndGlobalSection
	GlobalSection(NestedProjects) = preSolution
		{C3954FC1-88A0-4915-AF47-E0B75AAAA63A} = {5522AB94-C73C-4BB6-A2DB-8E84061D0D14}
		{97C34C06-AE79-4E1A-8D04-EB0107643302} = {5522AB94-C73C-4BB6-A2DB-8E84061D0D14}
		{43888F55-C8DF-43CA-94D5-8CED6AE66D67} = {5522AB94-C73C-4BB6-A2DB-8E84061D0D14}
		{F710260F-7709-4F15-8278-6C9F2D0DA1A2} = {43888F55-C8DF-43CA-94D5-8CED6AE66D67}
		{87F5480C-9740-4E31-8F70-5040B0641E3D} = {5522AB94-C73C-4BB6-A2DB-8E84061D0D14}
		{ADF8B647-D701-4460-8384-8FA8E7FAEC11} = {A0DE26A4-A6A1-48D6-9858-6509E2E36ECD}
		{3E627B33-8349-446E-BAE9-884FCE3595D1} = {A0DE26A4-A6A1-48D6-9858-6509E2E36ECD}
		{D06867E2-E739-4E00-827A-F604E9844CBD} = {A0DE26A4-A6A1-48D6-9858-6509E2E36ECD}
		{2FF3A992-36AB-4369-A05B-7684D0B457AF} = {3E627B33-8349-446E-BAE9-884FCE3595D1}
		{B869DCD0-0573-41C1-82D6-59C5FF17C315} = {3E627B33-8349-446E-BAE9-884FCE3595D1}
		{B9DBEC9A-1220-484C-A6C3-FF10757F117A} = {5522AB94-C73C-4BB6-A2DB-8E84061D0D14}
		{6E69A650-C60E-4E6C-A725-B00E2B45C5B0} = {B9DBEC9A-1220-484C-A6C3-FF10757F117A}
		{9D8E52DE-A34A-40B7-AA24-AD960D314B44} = {B9DBEC9A-1220-484C-A6C3-FF10757F117A}
		{0DEA61D5-6AD9-4371-A8B6-104BD641B365} = {9D8E52DE-A34A-40B7-AA24-AD960D314B44}
		{6A9CAD1E-6EE3-4D16-ADE1-6A99374E2E0B} = {C3954FC1-88A0-4915-AF47-E0B75AAAA63A}
		{4DF23DD3-8BB6-49FE-A0E1-3B808145F14A} = {87F5480C-9740-4E31-8F70-5040B0641E3D}
		{A23FC09E-008D-42F7-9073-AAA23FFF78C7} = {97C34C06-AE79-4E1A-8D04-EB0107643302}
		{83433738-91A6-452D-BE86-94E328B07408} = {37633A5F-54B5-4179-8BCD-B7B422B4857C}
		{630DB1CA-5E81-4E6E-8060-3043FF73A467} = {37633A5F-54B5-4179-8BCD-B7B422B4857C}
		{F6D90A49-B744-4264-A988-B3EB7C8BA15C} = {5522AB94-C73C-4BB6-A2DB-8E84061D0D14}
		{B673B4DA-E225-4A14-A6E2-74AD4673EA96} = {5522AB94-C73C-4BB6-A2DB-8E84061D0D14}
		{336B80DF-8DB2-4ECD-87FE-BD2807A6CA71} = {8ECF169A-14B8-469F-AA72-F1125238B5D7}
		{F773BB7D-F3D8-416B-8743-377128551868} = {D06867E2-E739-4E00-827A-F604E9844CBD}
		{3AE85F9E-41F5-4FF9-84A6-73B1A6EAB211} = {ADF8B647-D701-4460-8384-8FA8E7FAEC11}
		{8FFC9209-7FA9-4B5B-B410-B6B316D2E3AA} = {ADF8B647-D701-4460-8384-8FA8E7FAEC11}
		{8010ED31-A1F0-4292-A70C-F39D5A8572BE} = {B869DCD0-0573-41C1-82D6-59C5FF17C315}
		{60A2862F-A007-46EE-B6FA-801F2F673A07} = {43888F55-C8DF-43CA-94D5-8CED6AE66D67}
		{99B93100-C63E-4B2C-AC80-092A02EDE10C} = {60A2862F-A007-46EE-B6FA-801F2F673A07}
		{DA14C04D-FEEF-4A3C-A9F2-BBA25897B9A4} = {A0DE26A4-A6A1-48D6-9858-6509E2E36ECD}
		{70D6F463-AB83-421C-89BA-D8C3FEFBD0FE} = {DA14C04D-FEEF-4A3C-A9F2-BBA25897B9A4}
		{C67F5248-22D0-4810-A296-611F6DB3D786} = {DA14C04D-FEEF-4A3C-A9F2-BBA25897B9A4}
		{3D93159D-0B56-44A3-8C3E-B8610FD05045} = {9D48C58A-06FB-4471-BEE6-5795027F8378}
		{4E3DBB4B-C54A-41D8-A905-AFA871FB9150} = {F6D90A49-B744-4264-A988-B3EB7C8BA15C}
		{9D48C58A-06FB-4471-BEE6-5795027F8378} = {C845E999-2AF8-4593-8504-AA76BDDAFBD6}
		{66076BFD-0EBF-479D-8231-32499EE328AC} = {C845E999-2AF8-4593-8504-AA76BDDAFBD6}
		{198B2DF1-FFC5-41AB-B836-C54E8B07667C} = {66076BFD-0EBF-479D-8231-32499EE328AC}
		{E64CC125-FB1E-4D3A-8D05-BA5A85D28582} = {37633A5F-54B5-4179-8BCD-B7B422B4857C}
		{7C6A5EE4-65C4-4766-96F1-09683152390D} = {2FF3A992-36AB-4369-A05B-7684D0B457AF}
		{8EC88C69-A05D-46C5-8F4D-819328525443} = {2FF3A992-36AB-4369-A05B-7684D0B457AF}
		{B0C8734C-7CAC-4EA4-BF49-4ECE4876BB5D} = {9D48C58A-06FB-4471-BEE6-5795027F8378}
		{25BC0652-B003-4DF5-87E5-327BE2A6FCEF} = {66076BFD-0EBF-479D-8231-32499EE328AC}
		{37633A5F-54B5-4179-8BCD-B7B422B4857C} = {C3954FC1-88A0-4915-AF47-E0B75AAAA63A}
		{8ECF169A-14B8-469F-AA72-F1125238B5D7} = {B9DBEC9A-1220-484C-A6C3-FF10757F117A}
		{015B5793-0478-4884-A58B-8889639FD65A} = {A0DE26A4-A6A1-48D6-9858-6509E2E36ECD}
		{B686E6B8-1509-4768-8602-AA06711C3F9F} = {B0C8734C-7CAC-4EA4-BF49-4ECE4876BB5D}
		{6C04582F-F873-4B09-885A-D51F7602A196} = {25BC0652-B003-4DF5-87E5-327BE2A6FCEF}
		{83CC90EB-7389-4F3C-855B-BEC5FE60FAB0} = {97C34C06-AE79-4E1A-8D04-EB0107643302}
		{0D8F91B2-A507-4B3D-B562-52A7584976D5} = {F710260F-7709-4F15-8278-6C9F2D0DA1A2}
		{84B54BE2-F856-4A87-9A67-C5285AB555E5} = {F710260F-7709-4F15-8278-6C9F2D0DA1A2}
		{6C7769AF-6D52-480F-9E83-E94683B7A935} = {99B93100-C63E-4B2C-AC80-092A02EDE10C}
		{CE00D230-4238-4405-A543-5172BC57E812} = {99B93100-C63E-4B2C-AC80-092A02EDE10C}
		{ECEEABBB-DEA2-4CD4-99EA-3E048DB23219} = {43888F55-C8DF-43CA-94D5-8CED6AE66D67}
		{A6BFCFBE-54E5-4D3C-8668-932ACAD68304} = {ECEEABBB-DEA2-4CD4-99EA-3E048DB23219}
		{077D1A80-2842-4191-ABAA-BFC30661577D} = {43888F55-C8DF-43CA-94D5-8CED6AE66D67}
		{0EF01864-BC8C-4C94-8F83-5BB6CC4FECB8} = {077D1A80-2842-4191-ABAA-BFC30661577D}
		{0A1364C6-DAEA-431A-A4D9-BC26AFD085B5} = {0EF01864-BC8C-4C94-8F83-5BB6CC4FECB8}
		{D99AFDEC-A949-4A08-80C8-F62D778D7207} = {0EF01864-BC8C-4C94-8F83-5BB6CC4FECB8}
		{CDB42445-C074-4DF4-98C3-FD1978C3E372} = {43888F55-C8DF-43CA-94D5-8CED6AE66D67}
		{E8965AC0-EB68-4027-AC4A-4FD1FBCB25AC} = {CDB42445-C074-4DF4-98C3-FD1978C3E372}
		{4E874DC3-754A-4FE2-92B5-98ADFF74B369} = {077D1A80-2842-4191-ABAA-BFC30661577D}
		{BD2BD62B-5B1D-4CF3-AD1C-4330DD6C0DB1} = {4E874DC3-754A-4FE2-92B5-98ADFF74B369}
		{DFA9C52E-8689-4518-B799-0149439807C1} = {015B5793-0478-4884-A58B-8889639FD65A}
		{1D5342B1-5A64-4B42-9E9A-486B1E6BFCC0} = {015B5793-0478-4884-A58B-8889639FD65A}
		{DA1CCBE3-A503-4177-B262-AD4A1E077E71} = {60A2862F-A007-46EE-B6FA-801F2F673A07}
		{E1DB58F9-17F4-43AD-A1E2-A0465A1B4716} = {DA1CCBE3-A503-4177-B262-AD4A1E077E71}
		{B1CB847A-A78D-4229-BB8D-FABD37445DE8} = {C845E999-2AF8-4593-8504-AA76BDDAFBD6}
		{F76CA330-B9B7-4191-A420-CC3E2A18D3FF} = {B673B4DA-E225-4A14-A6E2-74AD4673EA96}
		{02CF94E4-59E8-413E-B709-7A75A2258E31} = {C845E999-2AF8-4593-8504-AA76BDDAFBD6}
	EndGlobalSection
	GlobalSection(ExtensibilityGlobals) = postSolution
		SolutionGuid = {C7DA16E3-9949-49FA-B0B4-F830636DE60F}
	EndGlobalSection
EndGlobal
