
Microsoft Visual Studio Solution File, Format Version 12.00
# Visual Studio 15
VisualStudioVersion = 15.0.28306.52
MinimumVisualStudioVersion = 10.0.40219.1
Project("{2150E333-8FDC-42A3-9474-1A3956D46DE8}") = "Sers.Core", "Sers.Core", "{C3954FC1-88A0-4915-AF47-E0B75AAAA63A}"
EndProject
Project("{2150E333-8FDC-42A3-9474-1A3956D46DE8}") = "Sers.ServiceCenter", "Sers.ServiceCenter", "{97C34C06-AE79-4E1A-8D04-EB0107643302}"
EndProject
Project("{2150E333-8FDC-42A3-9474-1A3956D46DE8}") = "Sers.Mq", "Sers.Mq", "{43888F55-C8DF-43CA-94D5-8CED6AE66D67}"
EndProject
Project("{2150E333-8FDC-42A3-9474-1A3956D46DE8}") = "Socket", "Socket", "{F710260F-7709-4F15-8278-6C9F2D0DA1A2}"
EndProject
Project("{2150E333-8FDC-42A3-9474-1A3956D46DE8}") = "Sers.ServiceStation", "Sers.ServiceStation", "{87F5480C-9740-4E31-8F70-5040B0641E3D}"
EndProject
Project("{2150E333-8FDC-42A3-9474-1A3956D46DE8}") = "ServiceCenter", "ServiceCenter", "{ADF8B647-D701-4460-8384-8FA8E7FAEC11}"
EndProject
Project("{2150E333-8FDC-42A3-9474-1A3956D46DE8}") = "Station", "Station", "{3E627B33-8349-446E-BAE9-884FCE3595D1}"
EndProject
Project("{2150E333-8FDC-42A3-9474-1A3956D46DE8}") = "Gateway", "Gateway", "{D06867E2-E739-4E00-827A-F604E9844CBD}"
EndProject
Project("{2150E333-8FDC-42A3-9474-1A3956D46DE8}") = "Test", "Test", "{2A446DD2-B791-4BE8-8BE9-C9B57CAE362D}"
EndProject
Project("{2150E333-8FDC-42A3-9474-1A3956D46DE8}") = "Sers.Core", "Sers.Core", "{17AC4AD4-C7B7-4F50-ABA1-CEB6EC94C43B}"
EndProject
Project("{2150E333-8FDC-42A3-9474-1A3956D46DE8}") = "Sers.Mq", "Sers.Mq", "{CCB89D33-CC99-4199-9612-40FA898BC9B1}"
EndProject
Project("{2150E333-8FDC-42A3-9474-1A3956D46DE8}") = "Mq", "Mq", "{F9E47D10-858A-44D4-97F3-E1FEEE288E10}"
EndProject
Project("{2150E333-8FDC-42A3-9474-1A3956D46DE8}") = "StationDemo", "StationDemo", "{2FF3A992-36AB-4369-A05B-7684D0B457AF}"
EndProject
Project("{2150E333-8FDC-42A3-9474-1A3956D46DE8}") = "Robot", "Robot", "{B869DCD0-0573-41C1-82D6-59C5FF17C315}"
EndProject
Project("{2150E333-8FDC-42A3-9474-1A3956D46DE8}") = "Sers.Hardware", "Sers.Hardware", "{B9DBEC9A-1220-484C-A6C3-FF10757F117A}"
EndProject
Project("{9A19103F-16F7-4668-BE54-9A1E7A4F7556}") = "Sers.Hardware", "Sers\Sers.Hardware\Sers.Hardware\Sers.Hardware.csproj", "{6E69A650-C60E-4E6C-A725-B00E2B45C5B0}"
EndProject
Project("{2150E333-8FDC-42A3-9474-1A3956D46DE8}") = "Net46", "Net46", "{9D8E52DE-A34A-40B7-AA24-AD960D314B44}"
EndProject
Project("{FAE04EC0-301F-11D3-BF4B-00C04F79EFBC}") = "Sers.Hardware.Net46.Exe", "Sers\Sers.Hardware\Net46\Sers.Hardware.Net46.Exe\Sers.Hardware.Net46.Exe.csproj", "{0DEA61D5-6AD9-4371-A8B6-104BD641B365}"
EndProject
Project("{2150E333-8FDC-42A3-9474-1A3956D46DE8}") = "Sers", "Sers", "{32CB41BB-D42B-422A-9618-B3D704581A6E}"
EndProject
Project("{2150E333-8FDC-42A3-9474-1A3956D46DE8}") = "Sers", "Sers", "{5522AB94-C73C-4BB6-A2DB-8E84061D0D14}"
EndProject
Project("{9A19103F-16F7-4668-BE54-9A1E7A4F7556}") = "Sers.Core", "Sers\Sers.Core\Sers.Core\Sers.Core.csproj", "{6A9CAD1E-6EE3-4D16-ADE1-6A99374E2E0B}"
EndProject
Project("{9A19103F-16F7-4668-BE54-9A1E7A4F7556}") = "Sers.ServiceStation", "Sers\Sers.ServiceStation\Sers.ServiceStation\Sers.ServiceStation.csproj", "{4DF23DD3-8BB6-49FE-A0E1-3B808145F14A}"
EndProject
Project("{9A19103F-16F7-4668-BE54-9A1E7A4F7556}") = "Sers.ServiceCenter", "Sers\Sers.ServiceCenter\Sers.ServiceCenter\Sers.ServiceCenter.csproj", "{A23FC09E-008D-42F7-9073-AAA23FFF78C7}"
EndProject
Project("{9A19103F-16F7-4668-BE54-9A1E7A4F7556}") = "Sers.Core.Module.LocalApi.MsTest", "Test\Sers\Sers.Core\Sers.Core.Module.LocalApi.MsTest\Sers.Core.Module.LocalApi.MsTest.csproj", "{83433738-91A6-452D-BE86-94E328B07408}"
EndProject
Project("{9A19103F-16F7-4668-BE54-9A1E7A4F7556}") = "Sers.Core.Module.Log.MsTest", "Test\Sers\Sers.Core\Sers.Core.Module.Log.MsTest\Sers.Core.Module.Log.MsTest.csproj", "{96029C66-FBE1-4CFD-8B3C-3C87B9C4C5EA}"
EndProject
Project("{9A19103F-16F7-4668-BE54-9A1E7A4F7556}") = "Sers.Core.Module.Rpc.MsTest", "Test\Sers\Sers.Core\Sers.Core.Module.Rpc.MsTest\Sers.Core.Module.Rpc.MsTest.csproj", "{630DB1CA-5E81-4E6E-8060-3043FF73A467}"
EndProject
Project("{9A19103F-16F7-4668-BE54-9A1E7A4F7556}") = "Sers.Core.MsTest", "Test\Sers\Sers.Core\Sers.Core.MsTest\Sers.Core.MsTest.csproj", "{9BBF6C9F-B990-4429-BD34-200E8196AEA0}"
EndProject
Project("{9A19103F-16F7-4668-BE54-9A1E7A4F7556}") = "Sers.Core.Util.Ioc.MsTest", "Test\Sers\Sers.Core\Sers.Core.Util.Ioc.MsTest\Sers.Core.Util.Ioc.MsTest.csproj", "{98FE9685-1024-4B33-82B4-33697D975BDC}"
EndProject
Project("{2150E333-8FDC-42A3-9474-1A3956D46DE8}") = "AspNetCoreDemo", "AspNetCoreDemo", "{C55A3959-DE28-4AC1-90C7-317EDD317308}"
EndProject
Project("{2150E333-8FDC-42A3-9474-1A3956D46DE8}") = "Sers.Framework", "Sers.Framework", "{F6D90A49-B744-4264-A988-B3EB7C8BA15C}"
EndProject
Project("{9A19103F-16F7-4668-BE54-9A1E7A4F7556}") = "Sers.Framework.Orm.Dapper", "Sers\Sers.Framework\Sers.Framework.Orm.Dapper\Sers.Framework.Orm.Dapper.csproj", "{6C42D043-3E3E-4DD6-B9DC-DC63A52050FB}"
EndProject
Project("{9A19103F-16F7-4668-BE54-9A1E7A4F7556}") = "Sers.Framework.Data.Excel", "Sers\Sers.Framework\Sers.Framework.Data.Excel\Sers.Framework.Data.Excel.csproj", "{CE48004A-EDBA-49DD-86CD-A3E1F177D33B}"
EndProject
Project("{9A19103F-16F7-4668-BE54-9A1E7A4F7556}") = "Sers.Core.Station", "Sers\Sers.Core\Sers.Core.Station\Sers.Core.Station.csproj", "{B954E79B-BAD7-4116-98FC-FB60E6124B23}"
EndProject
Project("{2150E333-8FDC-42A3-9474-1A3956D46DE8}") = "Sers.Framework", "Sers.Framework", "{1B917B4D-2ED6-4D97-B06C-7C602427101F}"
EndProject
Project("{9A19103F-16F7-4668-BE54-9A1E7A4F7556}") = "Sers.Framework.DynamicCompile", "Sers\Sers.Framework\Sers.Framework.DynamicCompile\Sers.Framework.DynamicCompile.csproj", "{662E012A-63E3-45B9-95F4-1AE0D11A2759}"
EndProject
Project("{9A19103F-16F7-4668-BE54-9A1E7A4F7556}") = "Sers.Framework.Orm.Dapper.MsTest", "Test\Sers\Sers.Framework\Sers.Framework.Orm.Dapper.MsTest\Sers.Framework.Orm.Dapper.MsTest.csproj", "{7A9CDD67-184E-46D6-B631-08ABB76DF808}"
EndProject
Project("{9A19103F-16F7-4668-BE54-9A1E7A4F7556}") = "Sers.Framework.DynamicCompile.Demo", "Test\Sers\Sers.Framework\Sers.Framework.DynamicCompile.Demo\Sers.Framework.DynamicCompile.Demo.csproj", "{39F815BB-5FF6-46FB-8D42-4248C5949A3F}"
EndProject
Project("{9A19103F-16F7-4668-BE54-9A1E7A4F7556}") = "Sers.Core.Db.Redis.Test", "Test\Sers\Sers.Core\Sers.Core.Db.Redis.Test\Sers.Core.Db.Redis.Test.csproj", "{5E2D00D9-17DF-4563-B055-8B9F19516CC7}"
EndProject
Project("{9A19103F-16F7-4668-BE54-9A1E7A4F7556}") = "Sers.Core.Util.Ioc", "Sers\Sers.Framework\Sers.Core.Util.Ioc\Sers.Core.Util.Ioc.csproj", "{F3475C42-1B99-46A1-BBA2-5AA12B1107C8}"
EndProject
Project("{9A19103F-16F7-4668-BE54-9A1E7A4F7556}") = "Sers.Core.Station.Ioc", "Sers\Sers.Framework\Sers.Core.Station.Ioc\Sers.Core.Station.Ioc.csproj", "{76DDEE7F-8367-4919-88EB-57491161326F}"
EndProject
Project("{2150E333-8FDC-42A3-9474-1A3956D46DE8}") = "netcore", "netcore", "{A0DE26A4-A6A1-48D6-9858-6509E2E36ECD}"
EndProject
Project("{2150E333-8FDC-42A3-9474-1A3956D46DE8}") = "Gover", "Gover", "{243683D4-5127-49E4-BCDF-EEEED1655634}"
EndProject
Project("{2150E333-8FDC-42A3-9474-1A3956D46DE8}") = "Sers", "Sers", "{B673B4DA-E225-4A14-A6E2-74AD4673EA96}"
EndProject
Project("{9A19103F-16F7-4668-BE54-9A1E7A4F7556}") = "Sers.Gover.Controller", "Sers\Sers.ServiceCenter\Gover\Sers.Gover.Controller\Sers.Gover.Controller.csproj", "{D1B837C7-7C75-4086-B1E6-0D68B7789C28}"
EndProject
Project("{9A19103F-16F7-4668-BE54-9A1E7A4F7556}") = "Sers.Gover.Core", "Sers\Sers.ServiceCenter\Gover\Sers.Gover.Core\Sers.Gover.Core.csproj", "{A5BA4A49-B85B-474A-B52D-40350B076D60}"
EndProject
Project("{9A19103F-16F7-4668-BE54-9A1E7A4F7556}") = "Sers.ServiceCenter.Controller", "Sers\Sers.ServiceCenter\Sers.ServiceCenter.Controller\Sers.ServiceCenter.Controller.csproj", "{E4D0CA3C-335C-4598-9E7C-D62A506A4AC8}"
EndProject
Project("{9A19103F-16F7-4668-BE54-9A1E7A4F7556}") = "Sers.Hardware.Demo", "Test\Sers\Sers.Hardware\Sers.Hardware.Demo\Sers.Hardware.Demo.csproj", "{336B80DF-8DB2-4ECD-87FE-BD2807A6CA71}"
EndProject
Project("{2150E333-8FDC-42A3-9474-1A3956D46DE8}") = "Sers.Hardware", "Sers.Hardware", "{68E99B1A-3BA6-4AA1-B742-C87C8E47A1EE}"
EndProject
Project("{9A19103F-16F7-4668-BE54-9A1E7A4F7556}") = "App.Gateway", "netcore\Gateway\App.Gateway\App.Gateway.csproj", "{F773BB7D-F3D8-416B-8743-377128551868}"
EndProject
Project("{9A19103F-16F7-4668-BE54-9A1E7A4F7556}") = "Sers.Core.Common.WebHost", "netcore\Sers\Sers.Core.Common.WebHost\Sers.Core.Common.WebHost.csproj", "{1655061C-33A3-4E81-A84F-FD5EB08FD582}"
EndProject
Project("{9A19103F-16F7-4668-BE54-9A1E7A4F7556}") = "App.Gover.Gateway", "netcore\ServiceCenter\App.Gover.Gateway\App.Gover.Gateway.csproj", "{3AE85F9E-41F5-4FF9-84A6-73B1A6EAB211}"
EndProject
Project("{9A19103F-16F7-4668-BE54-9A1E7A4F7556}") = "App.ServiceCenter", "netcore\ServiceCenter\App.ServiceCenter\App.ServiceCenter.csproj", "{8FFC9209-7FA9-4B5B-B410-B6B316D2E3AA}"
EndProject
Project("{9A19103F-16F7-4668-BE54-9A1E7A4F7556}") = "App.Robot.Station", "netcore\Station\Robot\App.Robot.Station\App.Robot.Station.csproj", "{8010ED31-A1F0-4292-A70C-F39D5A8572BE}"
EndProject
Project("{9A19103F-16F7-4668-BE54-9A1E7A4F7556}") = "App.Ioc.Station", "netcore\Station\StationDemo\App.Ioc.Station\App.Ioc.Station.csproj", "{52EBDC29-7AAD-4C88-89FA-52D8020688A9}"
EndProject
Project("{9A19103F-16F7-4668-BE54-9A1E7A4F7556}") = "App.StationDemo.Station", "netcore\Station\StationDemo\App.StationDemo.Station\App.StationDemo.Station.csproj", "{07793086-AEED-479C-99AF-C0FC86E9D7C1}"
EndProject
Project("{9A19103F-16F7-4668-BE54-9A1E7A4F7556}") = "Sers.Gateway", "netcore\Sers\Sers.Gateway\Sers.Gateway.csproj", "{44AD88DA-D173-4F1F-8399-C45EEF3701C8}"
EndProject
Project("{2150E333-8FDC-42A3-9474-1A3956D46DE8}") = "MqManager", "MqManager", "{12FCBA95-3FE4-437B-88CA-02FFEC7E9711}"
EndProject
Project("{9A19103F-16F7-4668-BE54-9A1E7A4F7556}") = "Sers.Mq.Socket.Iocp", "Sers\Sers.Mq\Socket\Sers.Mq.Socket.Iocp\Sers.Mq.Socket.Iocp.csproj", "{D1F02918-3012-4333-856F-5B91A92844AE}"
EndProject
Project("{2150E333-8FDC-42A3-9474-1A3956D46DE8}") = "Ipc", "Ipc", "{E43400A2-9A7C-4917-B4E1-802E9C3609D9}"
EndProject
Project("{2150E333-8FDC-42A3-9474-1A3956D46DE8}") = "Ipc", "Ipc", "{CDC69B72-0803-4AA6-95F9-AF2FC9439E6E}"
EndProject
Project("{9A19103F-16F7-4668-BE54-9A1E7A4F7556}") = "Client", "Test\Sers\Sers.Mq\Ipc\Client\Client.csproj", "{EFE054E4-1CA4-4154-97CD-E27AC92F5F1E}"
EndProject
Project("{9A19103F-16F7-4668-BE54-9A1E7A4F7556}") = "Server", "Test\Sers\Sers.Mq\Ipc\Server\Server.csproj", "{7A729348-C4A9-4832-BC65-336652B61C60}"
EndProject
Project("{9A19103F-16F7-4668-BE54-9A1E7A4F7556}") = "Sers.Mq.Ipc.SharedMemory", "Sers\Sers.Mq\Ipc\Sers.Mq.Ipc.SharedMemory\Sers.Mq.Ipc.SharedMemory.csproj", "{E4F70A94-78D6-4847-B5D2-6D765E66F058}"
EndProject
Project("{9A19103F-16F7-4668-BE54-9A1E7A4F7556}") = "Sers.Mq.Socket.ThreadWait", "Sers\Sers.Mq\Socket\Sers.Mq.Socket.ThreadWait\Sers.Mq.Socket.ThreadWait.csproj", "{7A2FA4AF-4E1C-4D95-A1D1-8B7F08BF3D4D}"
EndProject
Project("{2150E333-8FDC-42A3-9474-1A3956D46DE8}") = "Zmq", "Zmq", "{60A2862F-A007-46EE-B6FA-801F2F673A07}"
EndProject
Project("{2150E333-8FDC-42A3-9474-1A3956D46DE8}") = "ThreadWait", "ThreadWait", "{99B93100-C63E-4B2C-AC80-092A02EDE10C}"
EndProject
Project("{9A19103F-16F7-4668-BE54-9A1E7A4F7556}") = "ZeroMQ.netcore", "Sers\Sers.Mq\Zmq\ThreadWait\clrzmq4-master\ZeroMQ.netcore.csproj", "{8F7D93EE-665D-4662-B05E-2A2DC234E3F9}"
EndProject
Project("{9A19103F-16F7-4668-BE54-9A1E7A4F7556}") = "Sers.Mq.Zmq.ClrZmq.ThreadWait", "Sers\Sers.Mq\Zmq\ThreadWait\Sers.Mq.Zmq.ClrZmq.ThreadWait\Sers.Mq.Zmq.ClrZmq.ThreadWait.csproj", "{9EE86182-1D20-40B1-93DA-9C9C84E91397}"
EndProject
Project("{9A19103F-16F7-4668-BE54-9A1E7A4F7556}") = "Sers.Core.Module.ApiDiscovery.AspNetCore", "netcore\Sers\Sers.Core.Module.ApiDiscovery.AspNetCore\Sers.Core.Module.ApiDiscovery.AspNetCore.csproj", "{336E81E3-6C42-4694-A8E1-36B590D4664C}"
EndProject
Project("{9A19103F-16F7-4668-BE54-9A1E7A4F7556}") = "App.AspNetCoreDemo.Station", "netcore\Station\AspNetCoreDemo\App.AspNetCoreDemo.Station\App.AspNetCoreDemo.Station.csproj", "{73563224-A4C6-4FCE-8EC2-BC62C0D76AF3}"
EndProject
Project("{9A19103F-16F7-4668-BE54-9A1E7A4F7556}") = "Client", "Test\Sers\Sers.Mq\Mq\Client\Client.csproj", "{B8736B4E-461E-46D9-AC01-56DE4ECE1E83}"
EndProject
Project("{9A19103F-16F7-4668-BE54-9A1E7A4F7556}") = "Server", "Test\Sers\Sers.Mq\Mq\Server\Server.csproj", "{29885AEA-FD11-4004-A46D-36C1432CE6A1}"
EndProject
Project("{9A19103F-16F7-4668-BE54-9A1E7A4F7556}") = "Client", "Test\Sers\Sers.Mq\MqManager\Client\Client.csproj", "{A81219FA-7B55-4BE3-A8B4-E2483324DC23}"
EndProject
Project("{9A19103F-16F7-4668-BE54-9A1E7A4F7556}") = "Server", "Test\Sers\Sers.Mq\MqManager\Server\Server.csproj", "{4013DD7F-DA3C-473E-9007-A0C57A419685}"
EndProject
Global
	GlobalSection(SolutionConfigurationPlatforms) = preSolution
		Debug|Any CPU = Debug|Any CPU
		Release|Any CPU = Release|Any CPU
	EndGlobalSection
	GlobalSection(ProjectConfigurationPlatforms) = postSolution
		{6E69A650-C60E-4E6C-A725-B00E2B45C5B0}.Debug|Any CPU.ActiveCfg = Debug|Any CPU
		{6E69A650-C60E-4E6C-A725-B00E2B45C5B0}.Debug|Any CPU.Build.0 = Debug|Any CPU
		{6E69A650-C60E-4E6C-A725-B00E2B45C5B0}.Release|Any CPU.ActiveCfg = Release|Any CPU
		{6E69A650-C60E-4E6C-A725-B00E2B45C5B0}.Release|Any CPU.Build.0 = Release|Any CPU
		{0DEA61D5-6AD9-4371-A8B6-104BD641B365}.Debug|Any CPU.ActiveCfg = Debug|Any CPU
		{0DEA61D5-6AD9-4371-A8B6-104BD641B365}.Debug|Any CPU.Build.0 = Debug|Any CPU
		{0DEA61D5-6AD9-4371-A8B6-104BD641B365}.Release|Any CPU.ActiveCfg = Release|Any CPU
		{0DEA61D5-6AD9-4371-A8B6-104BD641B365}.Release|Any CPU.Build.0 = Release|Any CPU
		{6A9CAD1E-6EE3-4D16-ADE1-6A99374E2E0B}.Debug|Any CPU.ActiveCfg = Debug|Any CPU
		{6A9CAD1E-6EE3-4D16-ADE1-6A99374E2E0B}.Debug|Any CPU.Build.0 = Debug|Any CPU
		{6A9CAD1E-6EE3-4D16-ADE1-6A99374E2E0B}.Release|Any CPU.ActiveCfg = Release|Any CPU
		{6A9CAD1E-6EE3-4D16-ADE1-6A99374E2E0B}.Release|Any CPU.Build.0 = Release|Any CPU
		{4DF23DD3-8BB6-49FE-A0E1-3B808145F14A}.Debug|Any CPU.ActiveCfg = Debug|Any CPU
		{4DF23DD3-8BB6-49FE-A0E1-3B808145F14A}.Debug|Any CPU.Build.0 = Debug|Any CPU
		{4DF23DD3-8BB6-49FE-A0E1-3B808145F14A}.Release|Any CPU.ActiveCfg = Release|Any CPU
		{4DF23DD3-8BB6-49FE-A0E1-3B808145F14A}.Release|Any CPU.Build.0 = Release|Any CPU
		{A23FC09E-008D-42F7-9073-AAA23FFF78C7}.Debug|Any CPU.ActiveCfg = Debug|Any CPU
		{A23FC09E-008D-42F7-9073-AAA23FFF78C7}.Debug|Any CPU.Build.0 = Debug|Any CPU
		{A23FC09E-008D-42F7-9073-AAA23FFF78C7}.Release|Any CPU.ActiveCfg = Release|Any CPU
		{A23FC09E-008D-42F7-9073-AAA23FFF78C7}.Release|Any CPU.Build.0 = Release|Any CPU
		{83433738-91A6-452D-BE86-94E328B07408}.Debug|Any CPU.ActiveCfg = Debug|Any CPU
		{83433738-91A6-452D-BE86-94E328B07408}.Debug|Any CPU.Build.0 = Debug|Any CPU
		{83433738-91A6-452D-BE86-94E328B07408}.Release|Any CPU.ActiveCfg = Release|Any CPU
		{83433738-91A6-452D-BE86-94E328B07408}.Release|Any CPU.Build.0 = Release|Any CPU
		{96029C66-FBE1-4CFD-8B3C-3C87B9C4C5EA}.Debug|Any CPU.ActiveCfg = Debug|Any CPU
		{96029C66-FBE1-4CFD-8B3C-3C87B9C4C5EA}.Debug|Any CPU.Build.0 = Debug|Any CPU
		{96029C66-FBE1-4CFD-8B3C-3C87B9C4C5EA}.Release|Any CPU.ActiveCfg = Release|Any CPU
		{96029C66-FBE1-4CFD-8B3C-3C87B9C4C5EA}.Release|Any CPU.Build.0 = Release|Any CPU
		{630DB1CA-5E81-4E6E-8060-3043FF73A467}.Debug|Any CPU.ActiveCfg = Debug|Any CPU
		{630DB1CA-5E81-4E6E-8060-3043FF73A467}.Debug|Any CPU.Build.0 = Debug|Any CPU
		{630DB1CA-5E81-4E6E-8060-3043FF73A467}.Release|Any CPU.ActiveCfg = Release|Any CPU
		{630DB1CA-5E81-4E6E-8060-3043FF73A467}.Release|Any CPU.Build.0 = Release|Any CPU
		{9BBF6C9F-B990-4429-BD34-200E8196AEA0}.Debug|Any CPU.ActiveCfg = Debug|Any CPU
		{9BBF6C9F-B990-4429-BD34-200E8196AEA0}.Debug|Any CPU.Build.0 = Debug|Any CPU
		{9BBF6C9F-B990-4429-BD34-200E8196AEA0}.Release|Any CPU.ActiveCfg = Release|Any CPU
		{9BBF6C9F-B990-4429-BD34-200E8196AEA0}.Release|Any CPU.Build.0 = Release|Any CPU
		{98FE9685-1024-4B33-82B4-33697D975BDC}.Debug|Any CPU.ActiveCfg = Debug|Any CPU
		{98FE9685-1024-4B33-82B4-33697D975BDC}.Debug|Any CPU.Build.0 = Debug|Any CPU
		{98FE9685-1024-4B33-82B4-33697D975BDC}.Release|Any CPU.ActiveCfg = Release|Any CPU
		{98FE9685-1024-4B33-82B4-33697D975BDC}.Release|Any CPU.Build.0 = Release|Any CPU
		{6C42D043-3E3E-4DD6-B9DC-DC63A52050FB}.Debug|Any CPU.ActiveCfg = Debug|Any CPU
		{6C42D043-3E3E-4DD6-B9DC-DC63A52050FB}.Debug|Any CPU.Build.0 = Debug|Any CPU
		{6C42D043-3E3E-4DD6-B9DC-DC63A52050FB}.Release|Any CPU.ActiveCfg = Release|Any CPU
		{6C42D043-3E3E-4DD6-B9DC-DC63A52050FB}.Release|Any CPU.Build.0 = Release|Any CPU
		{CE48004A-EDBA-49DD-86CD-A3E1F177D33B}.Debug|Any CPU.ActiveCfg = Debug|Any CPU
		{CE48004A-EDBA-49DD-86CD-A3E1F177D33B}.Debug|Any CPU.Build.0 = Debug|Any CPU
		{CE48004A-EDBA-49DD-86CD-A3E1F177D33B}.Release|Any CPU.ActiveCfg = Release|Any CPU
		{CE48004A-EDBA-49DD-86CD-A3E1F177D33B}.Release|Any CPU.Build.0 = Release|Any CPU
		{B954E79B-BAD7-4116-98FC-FB60E6124B23}.Debug|Any CPU.ActiveCfg = Debug|Any CPU
		{B954E79B-BAD7-4116-98FC-FB60E6124B23}.Debug|Any CPU.Build.0 = Debug|Any CPU
		{B954E79B-BAD7-4116-98FC-FB60E6124B23}.Release|Any CPU.ActiveCfg = Release|Any CPU
		{B954E79B-BAD7-4116-98FC-FB60E6124B23}.Release|Any CPU.Build.0 = Release|Any CPU
		{662E012A-63E3-45B9-95F4-1AE0D11A2759}.Debug|Any CPU.ActiveCfg = Debug|Any CPU
		{662E012A-63E3-45B9-95F4-1AE0D11A2759}.Debug|Any CPU.Build.0 = Debug|Any CPU
		{662E012A-63E3-45B9-95F4-1AE0D11A2759}.Release|Any CPU.ActiveCfg = Release|Any CPU
		{662E012A-63E3-45B9-95F4-1AE0D11A2759}.Release|Any CPU.Build.0 = Release|Any CPU
		{7A9CDD67-184E-46D6-B631-08ABB76DF808}.Debug|Any CPU.ActiveCfg = Debug|Any CPU
		{7A9CDD67-184E-46D6-B631-08ABB76DF808}.Debug|Any CPU.Build.0 = Debug|Any CPU
		{7A9CDD67-184E-46D6-B631-08ABB76DF808}.Release|Any CPU.ActiveCfg = Release|Any CPU
		{7A9CDD67-184E-46D6-B631-08ABB76DF808}.Release|Any CPU.Build.0 = Release|Any CPU
		{39F815BB-5FF6-46FB-8D42-4248C5949A3F}.Debug|Any CPU.ActiveCfg = Debug|Any CPU
		{39F815BB-5FF6-46FB-8D42-4248C5949A3F}.Debug|Any CPU.Build.0 = Debug|Any CPU
		{39F815BB-5FF6-46FB-8D42-4248C5949A3F}.Release|Any CPU.ActiveCfg = Release|Any CPU
		{39F815BB-5FF6-46FB-8D42-4248C5949A3F}.Release|Any CPU.Build.0 = Release|Any CPU
		{5E2D00D9-17DF-4563-B055-8B9F19516CC7}.Debug|Any CPU.ActiveCfg = Debug|Any CPU
		{5E2D00D9-17DF-4563-B055-8B9F19516CC7}.Debug|Any CPU.Build.0 = Debug|Any CPU
		{5E2D00D9-17DF-4563-B055-8B9F19516CC7}.Release|Any CPU.ActiveCfg = Release|Any CPU
		{5E2D00D9-17DF-4563-B055-8B9F19516CC7}.Release|Any CPU.Build.0 = Release|Any CPU
		{F3475C42-1B99-46A1-BBA2-5AA12B1107C8}.Debug|Any CPU.ActiveCfg = Debug|Any CPU
		{F3475C42-1B99-46A1-BBA2-5AA12B1107C8}.Debug|Any CPU.Build.0 = Debug|Any CPU
		{F3475C42-1B99-46A1-BBA2-5AA12B1107C8}.Release|Any CPU.ActiveCfg = Release|Any CPU
		{F3475C42-1B99-46A1-BBA2-5AA12B1107C8}.Release|Any CPU.Build.0 = Release|Any CPU
		{76DDEE7F-8367-4919-88EB-57491161326F}.Debug|Any CPU.ActiveCfg = Debug|Any CPU
		{76DDEE7F-8367-4919-88EB-57491161326F}.Debug|Any CPU.Build.0 = Debug|Any CPU
		{76DDEE7F-8367-4919-88EB-57491161326F}.Release|Any CPU.ActiveCfg = Release|Any CPU
		{76DDEE7F-8367-4919-88EB-57491161326F}.Release|Any CPU.Build.0 = Release|Any CPU
		{D1B837C7-7C75-4086-B1E6-0D68B7789C28}.Debug|Any CPU.ActiveCfg = Debug|Any CPU
		{D1B837C7-7C75-4086-B1E6-0D68B7789C28}.Debug|Any CPU.Build.0 = Debug|Any CPU
		{D1B837C7-7C75-4086-B1E6-0D68B7789C28}.Release|Any CPU.ActiveCfg = Release|Any CPU
		{D1B837C7-7C75-4086-B1E6-0D68B7789C28}.Release|Any CPU.Build.0 = Release|Any CPU
		{A5BA4A49-B85B-474A-B52D-40350B076D60}.Debug|Any CPU.ActiveCfg = Debug|Any CPU
		{A5BA4A49-B85B-474A-B52D-40350B076D60}.Debug|Any CPU.Build.0 = Debug|Any CPU
		{A5BA4A49-B85B-474A-B52D-40350B076D60}.Release|Any CPU.ActiveCfg = Release|Any CPU
		{A5BA4A49-B85B-474A-B52D-40350B076D60}.Release|Any CPU.Build.0 = Release|Any CPU
		{E4D0CA3C-335C-4598-9E7C-D62A506A4AC8}.Debug|Any CPU.ActiveCfg = Debug|Any CPU
		{E4D0CA3C-335C-4598-9E7C-D62A506A4AC8}.Debug|Any CPU.Build.0 = Debug|Any CPU
		{E4D0CA3C-335C-4598-9E7C-D62A506A4AC8}.Release|Any CPU.ActiveCfg = Release|Any CPU
		{E4D0CA3C-335C-4598-9E7C-D62A506A4AC8}.Release|Any CPU.Build.0 = Release|Any CPU
		{336B80DF-8DB2-4ECD-87FE-BD2807A6CA71}.Debug|Any CPU.ActiveCfg = Debug|Any CPU
		{336B80DF-8DB2-4ECD-87FE-BD2807A6CA71}.Debug|Any CPU.Build.0 = Debug|Any CPU
		{336B80DF-8DB2-4ECD-87FE-BD2807A6CA71}.Release|Any CPU.ActiveCfg = Release|Any CPU
		{336B80DF-8DB2-4ECD-87FE-BD2807A6CA71}.Release|Any CPU.Build.0 = Release|Any CPU
		{F773BB7D-F3D8-416B-8743-377128551868}.Debug|Any CPU.ActiveCfg = Debug|Any CPU
		{F773BB7D-F3D8-416B-8743-377128551868}.Debug|Any CPU.Build.0 = Debug|Any CPU
		{F773BB7D-F3D8-416B-8743-377128551868}.Release|Any CPU.ActiveCfg = Release|Any CPU
		{F773BB7D-F3D8-416B-8743-377128551868}.Release|Any CPU.Build.0 = Release|Any CPU
		{1655061C-33A3-4E81-A84F-FD5EB08FD582}.Debug|Any CPU.ActiveCfg = Debug|Any CPU
		{1655061C-33A3-4E81-A84F-FD5EB08FD582}.Debug|Any CPU.Build.0 = Debug|Any CPU
		{1655061C-33A3-4E81-A84F-FD5EB08FD582}.Release|Any CPU.ActiveCfg = Release|Any CPU
		{1655061C-33A3-4E81-A84F-FD5EB08FD582}.Release|Any CPU.Build.0 = Release|Any CPU
		{3AE85F9E-41F5-4FF9-84A6-73B1A6EAB211}.Debug|Any CPU.ActiveCfg = Debug|Any CPU
		{3AE85F9E-41F5-4FF9-84A6-73B1A6EAB211}.Debug|Any CPU.Build.0 = Debug|Any CPU
		{3AE85F9E-41F5-4FF9-84A6-73B1A6EAB211}.Release|Any CPU.ActiveCfg = Release|Any CPU
		{3AE85F9E-41F5-4FF9-84A6-73B1A6EAB211}.Release|Any CPU.Build.0 = Release|Any CPU
		{8FFC9209-7FA9-4B5B-B410-B6B316D2E3AA}.Debug|Any CPU.ActiveCfg = Debug|Any CPU
		{8FFC9209-7FA9-4B5B-B410-B6B316D2E3AA}.Debug|Any CPU.Build.0 = Debug|Any CPU
		{8FFC9209-7FA9-4B5B-B410-B6B316D2E3AA}.Release|Any CPU.ActiveCfg = Release|Any CPU
		{8FFC9209-7FA9-4B5B-B410-B6B316D2E3AA}.Release|Any CPU.Build.0 = Release|Any CPU
		{8010ED31-A1F0-4292-A70C-F39D5A8572BE}.Debug|Any CPU.ActiveCfg = Debug|Any CPU
		{8010ED31-A1F0-4292-A70C-F39D5A8572BE}.Debug|Any CPU.Build.0 = Debug|Any CPU
		{8010ED31-A1F0-4292-A70C-F39D5A8572BE}.Release|Any CPU.ActiveCfg = Release|Any CPU
		{8010ED31-A1F0-4292-A70C-F39D5A8572BE}.Release|Any CPU.Build.0 = Release|Any CPU
		{52EBDC29-7AAD-4C88-89FA-52D8020688A9}.Debug|Any CPU.ActiveCfg = Debug|Any CPU
		{52EBDC29-7AAD-4C88-89FA-52D8020688A9}.Debug|Any CPU.Build.0 = Debug|Any CPU
		{52EBDC29-7AAD-4C88-89FA-52D8020688A9}.Release|Any CPU.ActiveCfg = Release|Any CPU
		{52EBDC29-7AAD-4C88-89FA-52D8020688A9}.Release|Any CPU.Build.0 = Release|Any CPU
		{07793086-AEED-479C-99AF-C0FC86E9D7C1}.Debug|Any CPU.ActiveCfg = Debug|Any CPU
		{07793086-AEED-479C-99AF-C0FC86E9D7C1}.Debug|Any CPU.Build.0 = Debug|Any CPU
		{07793086-AEED-479C-99AF-C0FC86E9D7C1}.Release|Any CPU.ActiveCfg = Release|Any CPU
		{07793086-AEED-479C-99AF-C0FC86E9D7C1}.Release|Any CPU.Build.0 = Release|Any CPU
		{44AD88DA-D173-4F1F-8399-C45EEF3701C8}.Debug|Any CPU.ActiveCfg = Debug|Any CPU
		{44AD88DA-D173-4F1F-8399-C45EEF3701C8}.Debug|Any CPU.Build.0 = Debug|Any CPU
		{44AD88DA-D173-4F1F-8399-C45EEF3701C8}.Release|Any CPU.ActiveCfg = Release|Any CPU
		{44AD88DA-D173-4F1F-8399-C45EEF3701C8}.Release|Any CPU.Build.0 = Release|Any CPU
		{D1F02918-3012-4333-856F-5B91A92844AE}.Debug|Any CPU.ActiveCfg = Debug|Any CPU
		{D1F02918-3012-4333-856F-5B91A92844AE}.Debug|Any CPU.Build.0 = Debug|Any CPU
		{D1F02918-3012-4333-856F-5B91A92844AE}.Release|Any CPU.ActiveCfg = Release|Any CPU
		{D1F02918-3012-4333-856F-5B91A92844AE}.Release|Any CPU.Build.0 = Release|Any CPU
		{EFE054E4-1CA4-4154-97CD-E27AC92F5F1E}.Debug|Any CPU.ActiveCfg = Debug|Any CPU
		{EFE054E4-1CA4-4154-97CD-E27AC92F5F1E}.Debug|Any CPU.Build.0 = Debug|Any CPU
		{EFE054E4-1CA4-4154-97CD-E27AC92F5F1E}.Release|Any CPU.ActiveCfg = Release|Any CPU
		{EFE054E4-1CA4-4154-97CD-E27AC92F5F1E}.Release|Any CPU.Build.0 = Release|Any CPU
		{7A729348-C4A9-4832-BC65-336652B61C60}.Debug|Any CPU.ActiveCfg = Debug|Any CPU
		{7A729348-C4A9-4832-BC65-336652B61C60}.Debug|Any CPU.Build.0 = Debug|Any CPU
		{7A729348-C4A9-4832-BC65-336652B61C60}.Release|Any CPU.ActiveCfg = Release|Any CPU
		{7A729348-C4A9-4832-BC65-336652B61C60}.Release|Any CPU.Build.0 = Release|Any CPU
		{E4F70A94-78D6-4847-B5D2-6D765E66F058}.Debug|Any CPU.ActiveCfg = Debug|Any CPU
		{E4F70A94-78D6-4847-B5D2-6D765E66F058}.Debug|Any CPU.Build.0 = Debug|Any CPU
		{E4F70A94-78D6-4847-B5D2-6D765E66F058}.Release|Any CPU.ActiveCfg = Release|Any CPU
		{E4F70A94-78D6-4847-B5D2-6D765E66F058}.Release|Any CPU.Build.0 = Release|Any CPU
		{7A2FA4AF-4E1C-4D95-A1D1-8B7F08BF3D4D}.Debug|Any CPU.ActiveCfg = Debug|Any CPU
		{7A2FA4AF-4E1C-4D95-A1D1-8B7F08BF3D4D}.Debug|Any CPU.Build.0 = Debug|Any CPU
		{7A2FA4AF-4E1C-4D95-A1D1-8B7F08BF3D4D}.Release|Any CPU.ActiveCfg = Release|Any CPU
		{7A2FA4AF-4E1C-4D95-A1D1-8B7F08BF3D4D}.Release|Any CPU.Build.0 = Release|Any CPU
		{8F7D93EE-665D-4662-B05E-2A2DC234E3F9}.Debug|Any CPU.ActiveCfg = Debug|Any CPU
		{8F7D93EE-665D-4662-B05E-2A2DC234E3F9}.Debug|Any CPU.Build.0 = Debug|Any CPU
		{8F7D93EE-665D-4662-B05E-2A2DC234E3F9}.Release|Any CPU.ActiveCfg = Release|Any CPU
		{8F7D93EE-665D-4662-B05E-2A2DC234E3F9}.Release|Any CPU.Build.0 = Release|Any CPU
		{9EE86182-1D20-40B1-93DA-9C9C84E91397}.Debug|Any CPU.ActiveCfg = Debug|Any CPU
		{9EE86182-1D20-40B1-93DA-9C9C84E91397}.Debug|Any CPU.Build.0 = Debug|Any CPU
		{9EE86182-1D20-40B1-93DA-9C9C84E91397}.Release|Any CPU.ActiveCfg = Release|Any CPU
		{9EE86182-1D20-40B1-93DA-9C9C84E91397}.Release|Any CPU.Build.0 = Release|Any CPU
		{336E81E3-6C42-4694-A8E1-36B590D4664C}.Debug|Any CPU.ActiveCfg = Debug|Any CPU
		{336E81E3-6C42-4694-A8E1-36B590D4664C}.Debug|Any CPU.Build.0 = Debug|Any CPU
		{336E81E3-6C42-4694-A8E1-36B590D4664C}.Release|Any CPU.ActiveCfg = Release|Any CPU
		{336E81E3-6C42-4694-A8E1-36B590D4664C}.Release|Any CPU.Build.0 = Release|Any CPU
		{73563224-A4C6-4FCE-8EC2-BC62C0D76AF3}.Debug|Any CPU.ActiveCfg = Debug|Any CPU
		{73563224-A4C6-4FCE-8EC2-BC62C0D76AF3}.Debug|Any CPU.Build.0 = Debug|Any CPU
		{73563224-A4C6-4FCE-8EC2-BC62C0D76AF3}.Release|Any CPU.ActiveCfg = Release|Any CPU
		{73563224-A4C6-4FCE-8EC2-BC62C0D76AF3}.Release|Any CPU.Build.0 = Release|Any CPU
		{B8736B4E-461E-46D9-AC01-56DE4ECE1E83}.Debug|Any CPU.ActiveCfg = Debug|Any CPU
		{B8736B4E-461E-46D9-AC01-56DE4ECE1E83}.Debug|Any CPU.Build.0 = Debug|Any CPU
		{B8736B4E-461E-46D9-AC01-56DE4ECE1E83}.Release|Any CPU.ActiveCfg = Release|Any CPU
		{B8736B4E-461E-46D9-AC01-56DE4ECE1E83}.Release|Any CPU.Build.0 = Release|Any CPU
		{29885AEA-FD11-4004-A46D-36C1432CE6A1}.Debug|Any CPU.ActiveCfg = Debug|Any CPU
		{29885AEA-FD11-4004-A46D-36C1432CE6A1}.Debug|Any CPU.Build.0 = Debug|Any CPU
		{29885AEA-FD11-4004-A46D-36C1432CE6A1}.Release|Any CPU.ActiveCfg = Release|Any CPU
		{29885AEA-FD11-4004-A46D-36C1432CE6A1}.Release|Any CPU.Build.0 = Release|Any CPU
		{A81219FA-7B55-4BE3-A8B4-E2483324DC23}.Debug|Any CPU.ActiveCfg = Debug|Any CPU
		{A81219FA-7B55-4BE3-A8B4-E2483324DC23}.Debug|Any CPU.Build.0 = Debug|Any CPU
		{A81219FA-7B55-4BE3-A8B4-E2483324DC23}.Release|Any CPU.ActiveCfg = Release|Any CPU
		{A81219FA-7B55-4BE3-A8B4-E2483324DC23}.Release|Any CPU.Build.0 = Release|Any CPU
		{4013DD7F-DA3C-473E-9007-A0C57A419685}.Debug|Any CPU.ActiveCfg = Debug|Any CPU
		{4013DD7F-DA3C-473E-9007-A0C57A419685}.Debug|Any CPU.Build.0 = Debug|Any CPU
		{4013DD7F-DA3C-473E-9007-A0C57A419685}.Release|Any CPU.ActiveCfg = Release|Any CPU
		{4013DD7F-DA3C-473E-9007-A0C57A419685}.Release|Any CPU.Build.0 = Release|Any CPU
	EndGlobalSection
	GlobalSection(SolutionProperties) = preSolution
		HideSolutionNode = FALSE
	EndGlobalSection
	GlobalSection(NestedProjects) = preSolution
		{C3954FC1-88A0-4915-AF47-E0B75AAAA63A} = {5522AB94-C73C-4BB6-A2DB-8E84061D0D14}
		{97C34C06-AE79-4E1A-8D04-EB0107643302} = {5522AB94-C73C-4BB6-A2DB-8E84061D0D14}
		{43888F55-C8DF-43CA-94D5-8CED6AE66D67} = {5522AB94-C73C-4BB6-A2DB-8E84061D0D14}
		{F710260F-7709-4F15-8278-6C9F2D0DA1A2} = {43888F55-C8DF-43CA-94D5-8CED6AE66D67}
		{87F5480C-9740-4E31-8F70-5040B0641E3D} = {5522AB94-C73C-4BB6-A2DB-8E84061D0D14}
		{ADF8B647-D701-4460-8384-8FA8E7FAEC11} = {A0DE26A4-A6A1-48D6-9858-6509E2E36ECD}
		{3E627B33-8349-446E-BAE9-884FCE3595D1} = {A0DE26A4-A6A1-48D6-9858-6509E2E36ECD}
		{D06867E2-E739-4E00-827A-F604E9844CBD} = {A0DE26A4-A6A1-48D6-9858-6509E2E36ECD}
		{17AC4AD4-C7B7-4F50-ABA1-CEB6EC94C43B} = {32CB41BB-D42B-422A-9618-B3D704581A6E}
		{CCB89D33-CC99-4199-9612-40FA898BC9B1} = {32CB41BB-D42B-422A-9618-B3D704581A6E}
		{F9E47D10-858A-44D4-97F3-E1FEEE288E10} = {CCB89D33-CC99-4199-9612-40FA898BC9B1}
		{2FF3A992-36AB-4369-A05B-7684D0B457AF} = {3E627B33-8349-446E-BAE9-884FCE3595D1}
		{B869DCD0-0573-41C1-82D6-59C5FF17C315} = {3E627B33-8349-446E-BAE9-884FCE3595D1}
		{B9DBEC9A-1220-484C-A6C3-FF10757F117A} = {5522AB94-C73C-4BB6-A2DB-8E84061D0D14}
		{6E69A650-C60E-4E6C-A725-B00E2B45C5B0} = {B9DBEC9A-1220-484C-A6C3-FF10757F117A}
		{9D8E52DE-A34A-40B7-AA24-AD960D314B44} = {B9DBEC9A-1220-484C-A6C3-FF10757F117A}
		{0DEA61D5-6AD9-4371-A8B6-104BD641B365} = {9D8E52DE-A34A-40B7-AA24-AD960D314B44}
		{32CB41BB-D42B-422A-9618-B3D704581A6E} = {2A446DD2-B791-4BE8-8BE9-C9B57CAE362D}
		{6A9CAD1E-6EE3-4D16-ADE1-6A99374E2E0B} = {C3954FC1-88A0-4915-AF47-E0B75AAAA63A}
		{4DF23DD3-8BB6-49FE-A0E1-3B808145F14A} = {87F5480C-9740-4E31-8F70-5040B0641E3D}
		{A23FC09E-008D-42F7-9073-AAA23FFF78C7} = {97C34C06-AE79-4E1A-8D04-EB0107643302}
		{83433738-91A6-452D-BE86-94E328B07408} = {17AC4AD4-C7B7-4F50-ABA1-CEB6EC94C43B}
		{96029C66-FBE1-4CFD-8B3C-3C87B9C4C5EA} = {17AC4AD4-C7B7-4F50-ABA1-CEB6EC94C43B}
		{630DB1CA-5E81-4E6E-8060-3043FF73A467} = {17AC4AD4-C7B7-4F50-ABA1-CEB6EC94C43B}
		{9BBF6C9F-B990-4429-BD34-200E8196AEA0} = {17AC4AD4-C7B7-4F50-ABA1-CEB6EC94C43B}
		{98FE9685-1024-4B33-82B4-33697D975BDC} = {17AC4AD4-C7B7-4F50-ABA1-CEB6EC94C43B}
		{C55A3959-DE28-4AC1-90C7-317EDD317308} = {3E627B33-8349-446E-BAE9-884FCE3595D1}
		{F6D90A49-B744-4264-A988-B3EB7C8BA15C} = {5522AB94-C73C-4BB6-A2DB-8E84061D0D14}
		{6C42D043-3E3E-4DD6-B9DC-DC63A52050FB} = {F6D90A49-B744-4264-A988-B3EB7C8BA15C}
		{CE48004A-EDBA-49DD-86CD-A3E1F177D33B} = {F6D90A49-B744-4264-A988-B3EB7C8BA15C}
		{B954E79B-BAD7-4116-98FC-FB60E6124B23} = {C3954FC1-88A0-4915-AF47-E0B75AAAA63A}
		{1B917B4D-2ED6-4D97-B06C-7C602427101F} = {32CB41BB-D42B-422A-9618-B3D704581A6E}
		{662E012A-63E3-45B9-95F4-1AE0D11A2759} = {F6D90A49-B744-4264-A988-B3EB7C8BA15C}
		{7A9CDD67-184E-46D6-B631-08ABB76DF808} = {1B917B4D-2ED6-4D97-B06C-7C602427101F}
		{39F815BB-5FF6-46FB-8D42-4248C5949A3F} = {1B917B4D-2ED6-4D97-B06C-7C602427101F}
		{5E2D00D9-17DF-4563-B055-8B9F19516CC7} = {17AC4AD4-C7B7-4F50-ABA1-CEB6EC94C43B}
		{F3475C42-1B99-46A1-BBA2-5AA12B1107C8} = {F6D90A49-B744-4264-A988-B3EB7C8BA15C}
		{76DDEE7F-8367-4919-88EB-57491161326F} = {F6D90A49-B744-4264-A988-B3EB7C8BA15C}
		{243683D4-5127-49E4-BCDF-EEEED1655634} = {97C34C06-AE79-4E1A-8D04-EB0107643302}
		{B673B4DA-E225-4A14-A6E2-74AD4673EA96} = {A0DE26A4-A6A1-48D6-9858-6509E2E36ECD}
		{D1B837C7-7C75-4086-B1E6-0D68B7789C28} = {243683D4-5127-49E4-BCDF-EEEED1655634}
		{A5BA4A49-B85B-474A-B52D-40350B076D60} = {243683D4-5127-49E4-BCDF-EEEED1655634}
		{E4D0CA3C-335C-4598-9E7C-D62A506A4AC8} = {97C34C06-AE79-4E1A-8D04-EB0107643302}
		{336B80DF-8DB2-4ECD-87FE-BD2807A6CA71} = {68E99B1A-3BA6-4AA1-B742-C87C8E47A1EE}
		{68E99B1A-3BA6-4AA1-B742-C87C8E47A1EE} = {32CB41BB-D42B-422A-9618-B3D704581A6E}
		{F773BB7D-F3D8-416B-8743-377128551868} = {D06867E2-E739-4E00-827A-F604E9844CBD}
		{1655061C-33A3-4E81-A84F-FD5EB08FD582} = {B673B4DA-E225-4A14-A6E2-74AD4673EA96}
		{3AE85F9E-41F5-4FF9-84A6-73B1A6EAB211} = {ADF8B647-D701-4460-8384-8FA8E7FAEC11}
		{8FFC9209-7FA9-4B5B-B410-B6B316D2E3AA} = {ADF8B647-D701-4460-8384-8FA8E7FAEC11}
		{8010ED31-A1F0-4292-A70C-F39D5A8572BE} = {B869DCD0-0573-41C1-82D6-59C5FF17C315}
		{52EBDC29-7AAD-4C88-89FA-52D8020688A9} = {2FF3A992-36AB-4369-A05B-7684D0B457AF}
		{07793086-AEED-479C-99AF-C0FC86E9D7C1} = {2FF3A992-36AB-4369-A05B-7684D0B457AF}
		{44AD88DA-D173-4F1F-8399-C45EEF3701C8} = {B673B4DA-E225-4A14-A6E2-74AD4673EA96}
		{12FCBA95-3FE4-437B-88CA-02FFEC7E9711} = {CCB89D33-CC99-4199-9612-40FA898BC9B1}
		{D1F02918-3012-4333-856F-5B91A92844AE} = {F710260F-7709-4F15-8278-6C9F2D0DA1A2}
		{E43400A2-9A7C-4917-B4E1-802E9C3609D9} = {43888F55-C8DF-43CA-94D5-8CED6AE66D67}
		{CDC69B72-0803-4AA6-95F9-AF2FC9439E6E} = {CCB89D33-CC99-4199-9612-40FA898BC9B1}
		{EFE054E4-1CA4-4154-97CD-E27AC92F5F1E} = {CDC69B72-0803-4AA6-95F9-AF2FC9439E6E}
		{7A729348-C4A9-4832-BC65-336652B61C60} = {CDC69B72-0803-4AA6-95F9-AF2FC9439E6E}
		{E4F70A94-78D6-4847-B5D2-6D765E66F058} = {E43400A2-9A7C-4917-B4E1-802E9C3609D9}
		{7A2FA4AF-4E1C-4D95-A1D1-8B7F08BF3D4D} = {F710260F-7709-4F15-8278-6C9F2D0DA1A2}
		{60A2862F-A007-46EE-B6FA-801F2F673A07} = {43888F55-C8DF-43CA-94D5-8CED6AE66D67}
		{99B93100-C63E-4B2C-AC80-092A02EDE10C} = {60A2862F-A007-46EE-B6FA-801F2F673A07}
		{8F7D93EE-665D-4662-B05E-2A2DC234E3F9} = {99B93100-C63E-4B2C-AC80-092A02EDE10C}
		{9EE86182-1D20-40B1-93DA-9C9C84E91397} = {99B93100-C63E-4B2C-AC80-092A02EDE10C}
		{336E81E3-6C42-4694-A8E1-36B590D4664C} = {B673B4DA-E225-4A14-A6E2-74AD4673EA96}
		{73563224-A4C6-4FCE-8EC2-BC62C0D76AF3} = {C55A3959-DE28-4AC1-90C7-317EDD317308}
		{B8736B4E-461E-46D9-AC01-56DE4ECE1E83} = {F9E47D10-858A-44D4-97F3-E1FEEE288E10}
		{29885AEA-FD11-4004-A46D-36C1432CE6A1} = {F9E47D10-858A-44D4-97F3-E1FEEE288E10}
		{A81219FA-7B55-4BE3-A8B4-E2483324DC23} = {12FCBA95-3FE4-437B-88CA-02FFEC7E9711}
		{4013DD7F-DA3C-473E-9007-A0C57A419685} = {12FCBA95-3FE4-437B-88CA-02FFEC7E9711}
	EndGlobalSection
	GlobalSection(ExtensibilityGlobals) = postSolution
		SolutionGuid = {C7DA16E3-9949-49FA-B0B4-F830636DE60F}
	EndGlobalSection
EndGlobal
