
Microsoft Visual Studio Solution File, Format Version 12.00
# Visual Studio 15
VisualStudioVersion = 15.0.28306.52
MinimumVisualStudioVersion = 10.0.40219.1
Project("{2150E333-8FDC-42A3-9474-1A3956D46DE8}") = "Sers.Core", "Sers.Core", "{C3954FC1-88A0-4915-AF47-E0B75AAAA63A}"
EndProject
Project("{2150E333-8FDC-42A3-9474-1A3956D46DE8}") = "Sers.ServiceCenter", "Sers.ServiceCenter", "{97C34C06-AE79-4E1A-8D04-EB0107643302}"
EndProject
Project("{2150E333-8FDC-42A3-9474-1A3956D46DE8}") = "Sers.Mq", "Sers.Mq", "{43888F55-C8DF-43CA-94D5-8CED6AE66D67}"
EndProject
Project("{2150E333-8FDC-42A3-9474-1A3956D46DE8}") = "Socket", "Socket", "{F710260F-7709-4F15-8278-6C9F2D0DA1A2}"
EndProject
Project("{2150E333-8FDC-42A3-9474-1A3956D46DE8}") = "Zmq", "Zmq", "{EB574263-E1FD-4DEA-BFC2-71FF59EFB748}"
EndProject
Project("{2150E333-8FDC-42A3-9474-1A3956D46DE8}") = "Sers.ServiceStation", "Sers.ServiceStation", "{87F5480C-9740-4E31-8F70-5040B0641E3D}"
EndProject
Project("{2150E333-8FDC-42A3-9474-1A3956D46DE8}") = "Doc", "Doc", "{AD3EE036-C56F-4AD2-AC30-7FCCC99742F2}"
EndProject
Project("{2150E333-8FDC-42A3-9474-1A3956D46DE8}") = "Sers.Gateway", "Sers.Gateway", "{4437D3BD-7242-46C2-9814-E6594CA83928}"
EndProject
Project("{2150E333-8FDC-42A3-9474-1A3956D46DE8}") = "App", "App", "{86BF2DF5-DB63-4C2B-B870-49F40DE6AD0B}"
EndProject
Project("{2150E333-8FDC-42A3-9474-1A3956D46DE8}") = "ServiceCenter", "ServiceCenter", "{ADF8B647-D701-4460-8384-8FA8E7FAEC11}"
EndProject
Project("{2150E333-8FDC-42A3-9474-1A3956D46DE8}") = "Station", "Station", "{3E627B33-8349-446E-BAE9-884FCE3595D1}"
EndProject
Project("{2150E333-8FDC-42A3-9474-1A3956D46DE8}") = "Gateway", "Gateway", "{D06867E2-E739-4E00-827A-F604E9844CBD}"
EndProject
Project("{2150E333-8FDC-42A3-9474-1A3956D46DE8}") = "AuthCenter", "AuthCenter", "{B90A101E-1CBA-4530-8873-0B665847B4E1}"
EndProject
Project("{2150E333-8FDC-42A3-9474-1A3956D46DE8}") = "Test", "Test", "{2A446DD2-B791-4BE8-8BE9-C9B57CAE362D}"
EndProject
Project("{2150E333-8FDC-42A3-9474-1A3956D46DE8}") = "Sers.Core", "Sers.Core", "{17AC4AD4-C7B7-4F50-ABA1-CEB6EC94C43B}"
EndProject
Project("{2150E333-8FDC-42A3-9474-1A3956D46DE8}") = "Sers.Mq", "Sers.Mq", "{CCB89D33-CC99-4199-9612-40FA898BC9B1}"
EndProject
Project("{2150E333-8FDC-42A3-9474-1A3956D46DE8}") = "Socket", "Socket", "{F9E47D10-858A-44D4-97F3-E1FEEE288E10}"
EndProject
Project("{2150E333-8FDC-42A3-9474-1A3956D46DE8}") = "Zmq", "Zmq", "{94D1C546-163D-484C-B042-8B395671C426}"
EndProject
Project("{9A19103F-16F7-4668-BE54-9A1E7A4F7556}") = "App.ServiceCenter", "App\ServiceCenter\App.ServiceCenter\App.ServiceCenter.csproj", "{642EE4FF-A6F0-4794-9AAB-636438FCE1D2}"
EndProject
Project("{9A19103F-16F7-4668-BE54-9A1E7A4F7556}") = "App.Gateway", "App\Gateway\App.Gateway\App.Gateway.csproj", "{30B20329-1629-4D11-BE06-27A5DBCB00B2}"
EndProject
Project("{2150E333-8FDC-42A3-9474-1A3956D46DE8}") = "Sers.Apm", "Sers.Apm", "{08187059-D926-4565-BAFE-CFCA76972388}"
EndProject
Project("{2150E333-8FDC-42A3-9474-1A3956D46DE8}") = "StationDemo", "StationDemo", "{2FF3A992-36AB-4369-A05B-7684D0B457AF}"
EndProject
Project("{2150E333-8FDC-42A3-9474-1A3956D46DE8}") = "Gover", "Gover", "{8988A6B7-DAA2-4C0A-9679-7EEACF579DF6}"
EndProject
Project("{2150E333-8FDC-42A3-9474-1A3956D46DE8}") = "ServiceCenter", "ServiceCenter", "{162A9579-AC56-4600-AB0E-CB4F2D074835}"
EndProject
Project("{2150E333-8FDC-42A3-9474-1A3956D46DE8}") = "UI", "UI", "{DA21E7C9-1962-42E3-813F-BF411DA4A71B}"
EndProject
Project("{2150E333-8FDC-42A3-9474-1A3956D46DE8}") = "Robot", "Robot", "{B869DCD0-0573-41C1-82D6-59C5FF17C315}"
EndProject
Project("{2150E333-8FDC-42A3-9474-1A3956D46DE8}") = "Sers.Hardware", "Sers.Hardware", "{B9DBEC9A-1220-484C-A6C3-FF10757F117A}"
EndProject
Project("{9A19103F-16F7-4668-BE54-9A1E7A4F7556}") = "Sers.Hardware", "Sers\Sers.Hardware\Sers.Hardware\Sers.Hardware.csproj", "{6E69A650-C60E-4E6C-A725-B00E2B45C5B0}"
EndProject
Project("{2150E333-8FDC-42A3-9474-1A3956D46DE8}") = "Net46", "Net46", "{9D8E52DE-A34A-40B7-AA24-AD960D314B44}"
EndProject
Project("{FAE04EC0-301F-11D3-BF4B-00C04F79EFBC}") = "Sers.Hardware.Net46.Exe", "Sers\Sers.Hardware\Net46\Sers.Hardware.Net46.Exe\Sers.Hardware.Net46.Exe.csproj", "{0DEA61D5-6AD9-4371-A8B6-104BD641B365}"
EndProject
Project("{2150E333-8FDC-42A3-9474-1A3956D46DE8}") = "Sers", "Sers", "{32CB41BB-D42B-422A-9618-B3D704581A6E}"
EndProject
Project("{2150E333-8FDC-42A3-9474-1A3956D46DE8}") = "Sers", "Sers", "{5522AB94-C73C-4BB6-A2DB-8E84061D0D14}"
EndProject
Project("{2150E333-8FDC-42A3-9474-1A3956D46DE8}") = "SkyWalking", "SkyWalking", "{C76C496D-1C93-4D94-9398-F500D32ACEE1}"
EndProject
Project("{9A19103F-16F7-4668-BE54-9A1E7A4F7556}") = "Sers.Apm.SkyWalking", "Sers\Sers.Apm\SkyWalking\Sers.Apm.SkyWalking\Sers.Apm.SkyWalking.csproj", "{E20EDAD4-E187-41E3-844B-F093B0AF094A}"
EndProject
Project("{2150E333-8FDC-42A3-9474-1A3956D46DE8}") = "Sers.Apm", "Sers.Apm", "{51135ED3-5A3C-4585-8477-90DBFCEB564F}"
EndProject
Project("{2150E333-8FDC-42A3-9474-1A3956D46DE8}") = "SkyWalking", "SkyWalking", "{3CBB2892-4F56-4BBE-8C11-FBF278CA1D33}"
EndProject
Project("{9A19103F-16F7-4668-BE54-9A1E7A4F7556}") = "Sers.Apm.SkyWalking.Test", "Test\Sers\Sers.Apm\SkyWalking\Sers.Apm.SkyWalking.Test\Sers.Apm.SkyWalking.Test.csproj", "{F4AF1CAF-CDF5-4416-8E64-27512FE8296B}"
EndProject
Project("{9A19103F-16F7-4668-BE54-9A1E7A4F7556}") = "Sers.Core", "Sers\Sers.Core\Sers.Core\Sers.Core.csproj", "{6A9CAD1E-6EE3-4D16-ADE1-6A99374E2E0B}"
EndProject
Project("{9A19103F-16F7-4668-BE54-9A1E7A4F7556}") = "Sers.Core.Module.Log", "Sers\Sers.Core\Sers.Core.Module.Log\Sers.Core.Module.Log.csproj", "{77A2A85E-AE13-4B88-AAAD-329643EF858A}"
EndProject
Project("{9A19103F-16F7-4668-BE54-9A1E7A4F7556}") = "Sers.Core.Util.Ioc", "Sers\Sers.Core\Sers.Core.Util.Ioc\Sers.Core.Util.Ioc.csproj", "{D0AF5048-7854-44BB-94C5-50F734039626}"
EndProject
Project("{9A19103F-16F7-4668-BE54-9A1E7A4F7556}") = "Sers.Core.Common.WebHost", "Sers\Sers.Core\Sers.Core.Common.WebHost\Sers.Core.Common.WebHost.csproj", "{AFAFF4CD-AEBD-424F-8722-1BA091B58571}"
EndProject
Project("{9A19103F-16F7-4668-BE54-9A1E7A4F7556}") = "Sers.Gateway", "Sers\Sers.Gateway\Sers.Gateway\Sers.Gateway.csproj", "{C32FEDF7-6DA4-4555-A8D2-B68FDEE54D86}"
EndProject
Project("{9A19103F-16F7-4668-BE54-9A1E7A4F7556}") = "Sers.Mq.Socket", "Sers\Sers.Mq\Socket\Sers.Mq.Socket\Sers.Mq.Socket.csproj", "{8F8842BD-759B-44E5-988F-7CDFF59E3FA3}"
EndProject
Project("{FAE04EC0-301F-11D3-BF4B-00C04F79EFBC}") = "ZeroMQ.VS", "Sers\Sers.Mq\Zmq\clrzmq4-master\ZeroMQ.VS.csproj", "{6FFD872F-A4A4-4EFA-9B4D-4342BA6CF250}"
EndProject
Project("{9A19103F-16F7-4668-BE54-9A1E7A4F7556}") = "Sers.Mq.Zmq.ClrZmq", "Sers\Sers.Mq\Zmq\Sers.Mq.Zmq.ClrZmq\Sers.Mq.Zmq.ClrZmq.csproj", "{0D2813D2-93F7-42ED-ACB5-A0FD1A915003}"
EndProject
Project("{9A19103F-16F7-4668-BE54-9A1E7A4F7556}") = "Sers.Mq.Zmq.ClrZmq.MqBuilder", "Sers\Sers.Mq\Zmq\Sers.Mq.Zmq.ClrZmq.MqBuilder\Sers.Mq.Zmq.ClrZmq.MqBuilder.csproj", "{F011CE03-FC11-4357-80F9-27808EC80E41}"
EndProject
Project("{9A19103F-16F7-4668-BE54-9A1E7A4F7556}") = "Sers.ServiceStation", "Sers\Sers.ServiceStation\Sers.ServiceStation\Sers.ServiceStation.csproj", "{4DF23DD3-8BB6-49FE-A0E1-3B808145F14A}"
EndProject
Project("{9A19103F-16F7-4668-BE54-9A1E7A4F7556}") = "Sers.ServiceCenter", "Sers\Sers.ServiceCenter\Sers.ServiceCenter\Sers.ServiceCenter.csproj", "{A23FC09E-008D-42F7-9073-AAA23FFF78C7}"
EndProject
Project("{9A19103F-16F7-4668-BE54-9A1E7A4F7556}") = "Sers.Gover.Core", "App\ServiceCenter\Gover\ServiceCenter\Sers.Gover.Core\Sers.Gover.Core.csproj", "{8CF0BF1E-E470-4F5D-9337-6EECC0ADDAAC}"
EndProject
Project("{9A19103F-16F7-4668-BE54-9A1E7A4F7556}") = "Sers.Gover.Controller", "App\ServiceCenter\Gover\ServiceCenter\Sers.Gover.Controller\Sers.Gover.Controller.csproj", "{85CD83E7-26BD-4BF9-BD4C-ADFC0DBEE1C2}"
EndProject
Project("{9A19103F-16F7-4668-BE54-9A1E7A4F7556}") = "App.Gover.Gateway", "App\ServiceCenter\Gover\UI\App.Gover.Gateway\App.Gover.Gateway.csproj", "{87219F66-B796-4F81-8742-343468285C02}"
EndProject
Project("{9A19103F-16F7-4668-BE54-9A1E7A4F7556}") = "Sers.ServiceCenter.Controller", "App\ServiceCenter\Sers.ServiceCenter.Controller\Sers.ServiceCenter.Controller.csproj", "{6381C523-FAB4-4288-B4EE-D0C30FF41055}"
EndProject
Project("{9A19103F-16F7-4668-BE54-9A1E7A4F7556}") = "Sers.Core.Common.WebHost.Test", "Test\Sers\Sers.Core\Sers.Core.Common.WebHost.Test\Sers.Core.Common.WebHost.Test.csproj", "{C47EE1C6-4CBB-48EE-ABD5-8561F634943B}"
EndProject
Project("{9A19103F-16F7-4668-BE54-9A1E7A4F7556}") = "Sers.Core.Module.LocalApi.MsTest", "Test\Sers\Sers.Core\Sers.Core.Module.LocalApi.MsTest\Sers.Core.Module.LocalApi.MsTest.csproj", "{83433738-91A6-452D-BE86-94E328B07408}"
EndProject
Project("{9A19103F-16F7-4668-BE54-9A1E7A4F7556}") = "Sers.Core.Module.Log.MsTest", "Test\Sers\Sers.Core\Sers.Core.Module.Log.MsTest\Sers.Core.Module.Log.MsTest.csproj", "{96029C66-FBE1-4CFD-8B3C-3C87B9C4C5EA}"
EndProject
Project("{9A19103F-16F7-4668-BE54-9A1E7A4F7556}") = "Sers.Core.Module.Rpc.MsTest", "Test\Sers\Sers.Core\Sers.Core.Module.Rpc.MsTest\Sers.Core.Module.Rpc.MsTest.csproj", "{630DB1CA-5E81-4E6E-8060-3043FF73A467}"
EndProject
Project("{9A19103F-16F7-4668-BE54-9A1E7A4F7556}") = "Sers.Core.MsTest", "Test\Sers\Sers.Core\Sers.Core.MsTest\Sers.Core.MsTest.csproj", "{9BBF6C9F-B990-4429-BD34-200E8196AEA0}"
EndProject
Project("{9A19103F-16F7-4668-BE54-9A1E7A4F7556}") = "Sers.Core.Util.Ioc.MsTest", "Test\Sers\Sers.Core\Sers.Core.Util.Ioc.MsTest\Sers.Core.Util.Ioc.MsTest.csproj", "{98FE9685-1024-4B33-82B4-33697D975BDC}"
EndProject
Project("{9A19103F-16F7-4668-BE54-9A1E7A4F7556}") = "ServerStation", "Test\Sers\Sers.Mq\Socket\ServerStation\ServerStation.csproj", "{DBB76CBF-D786-4BB0-98F0-09AECB2C0364}"
EndProject
Project("{9A19103F-16F7-4668-BE54-9A1E7A4F7556}") = "Test.Sers.Mq.Zmq.ClrZmq.ConsoleDemo", "Test\Sers\Sers.Mq\Zmq\Test.Sers.Mq.Zmq.ClrZmq.Console\Test.Sers.Mq.Zmq.ClrZmq.ConsoleDemo.csproj", "{6EF7FADF-55A0-4855-A810-6BD3FE2B40AE}"
EndProject
Project("{2150E333-8FDC-42A3-9474-1A3956D46DE8}") = "MqTest", "MqTest", "{87058FBF-2B58-4A2F-A2D1-FD6DB7FA42DD}"
EndProject
Project("{9A19103F-16F7-4668-BE54-9A1E7A4F7556}") = "Test.Sers.Mq.Client", "Test\Sers\Sers.Mq\MqTest\Test.Sers.Mq.Client.Exe\Test.Sers.Mq.Client.csproj", "{FA08C14A-E3B3-4F85-85FA-969AC696C6DD}"
EndProject
Project("{9A19103F-16F7-4668-BE54-9A1E7A4F7556}") = "Test.Sers.Mq.Server", "Test\Sers\Sers.Mq\MqTest\Test.Sers.Mq.Server.Exe\Test.Sers.Mq.Server.csproj", "{61ECED50-F8B7-4B6B-9E63-B35F73ADE496}"
EndProject
Project("{9A19103F-16F7-4668-BE54-9A1E7A4F7556}") = "Sers.Doc", "Doc\Sers.Doc\Sers.Doc.csproj", "{04FF957B-8B96-49BE-95C0-6F6F7F272003}"
EndProject
Project("{2150E333-8FDC-42A3-9474-1A3956D46DE8}") = "WinExe", "WinExe", "{8B1023D3-475B-4312-B3EF-66A56750C9A8}"
EndProject
Project("{9A19103F-16F7-4668-BE54-9A1E7A4F7556}") = "Dotnet", "Test\WinExe\Dotnet\Dotnet.csproj", "{ADB18B58-92DC-4AC7-B4D8-ECF26F796737}"
EndProject
Project("{9A19103F-16F7-4668-BE54-9A1E7A4F7556}") = "StaticFilesWebHost", "Test\WinExe\StaticFilesWebHost\StaticFilesWebHost.csproj", "{61517D86-B111-46B5-857E-A4EEB4F47D15}"
EndProject
Project("{2150E333-8FDC-42A3-9474-1A3956D46DE8}") = "AspNetCoreDemo", "AspNetCoreDemo", "{C55A3959-DE28-4AC1-90C7-317EDD317308}"
EndProject
Project("{9A19103F-16F7-4668-BE54-9A1E7A4F7556}") = "App.Station.AuthCenter.Logical", "App\Station\AuthCenter\App.Station.AuthCenter.Logical\App.Station.AuthCenter.Logical.csproj", "{1E63621A-0C01-4BCF-BA63-1C029E1970A4}"
EndProject
Project("{9A19103F-16F7-4668-BE54-9A1E7A4F7556}") = "App.Station.AuthCenter", "App\Station\AuthCenter\App.Station.AuthCenter\App.Station.AuthCenter.csproj", "{D5E5137E-CB3C-4E1A-B5D0-AE4BC95379E2}"
EndProject
Project("{2150E333-8FDC-42A3-9474-1A3956D46DE8}") = "Tool", "Tool", "{DE04844B-FB5E-4DDD-B787-984D225BEDE2}"
EndProject
Project("{9A19103F-16F7-4668-BE54-9A1E7A4F7556}") = "App.DataPort.Station", "App\Tool\App.DataPort.Station\App.DataPort.Station.csproj", "{8BA54992-95BC-400E-A427-9BFB5DC204D8}"
EndProject
Project("{9A19103F-16F7-4668-BE54-9A1E7A4F7556}") = "App.SersKit.Station", "App\Tool\App.SersKit.Station\App.SersKit.Station.csproj", "{E57D30B5-2578-4F0F-9F06-C3C784DB29CC}"
EndProject
Project("{2150E333-8FDC-42A3-9474-1A3956D46DE8}") = "Sers.Framework", "Sers.Framework", "{F6D90A49-B744-4264-A988-B3EB7C8BA15C}"
EndProject
Project("{9A19103F-16F7-4668-BE54-9A1E7A4F7556}") = "Sers.Framework.Orm.Dapper", "Sers\Sers.Framework\Sers.Framework.Orm.Dapper\Sers.Framework.Orm.Dapper.csproj", "{6C42D043-3E3E-4DD6-B9DC-DC63A52050FB}"
EndProject
Project("{9A19103F-16F7-4668-BE54-9A1E7A4F7556}") = "Sers.Framework.Data.Excel", "Sers\Sers.Framework\Sers.Framework.Data.Excel\Sers.Framework.Data.Excel.csproj", "{CE48004A-EDBA-49DD-86CD-A3E1F177D33B}"
EndProject
Project("{9A19103F-16F7-4668-BE54-9A1E7A4F7556}") = "Sers.MySqlTool", "App\Tool\Sers.MySqlTool\Sers.MySqlTool.csproj", "{1B33D4CE-F681-4464-81B7-E9FD6535C4FB}"
EndProject
Project("{9A19103F-16F7-4668-BE54-9A1E7A4F7556}") = "Sers.Core.Station", "Sers\Sers.Core\Sers.Core.Station\Sers.Core.Station.csproj", "{B954E79B-BAD7-4116-98FC-FB60E6124B23}"
EndProject
Project("{2150E333-8FDC-42A3-9474-1A3956D46DE8}") = "MicroControl", "MicroControl", "{856B2594-2D8E-49BA-BB7D-64FE1FEFA532}"
EndProject
Project("{9A19103F-16F7-4668-BE54-9A1E7A4F7556}") = "App.MicroControl.Station", "App\Station\MicroControl\App.MicroControl.Station\App.MicroControl.Station.csproj", "{70624F6B-C7E3-4E40-AD87-53222DBD6EC3}"
EndProject
Project("{9A19103F-16F7-4668-BE54-9A1E7A4F7556}") = "App.Mc_Computer.McStation", "App\Station\MicroControl\App.Mc_Computer.McStation\App.Mc_Computer.McStation.csproj", "{46E3608B-5A2D-4280-9819-CC9542D70C20}"
EndProject
Project("{9A19103F-16F7-4668-BE54-9A1E7A4F7556}") = "App.Robot.Station", "App\Station\Robot\App.Robot.Station\App.Robot.Station.csproj", "{F0F48F25-90A0-43F8-91FB-8D4D3E179EBC}"
EndProject
Project("{9A19103F-16F7-4668-BE54-9A1E7A4F7556}") = "App.StationDemo.Station", "App\Station\StationDemo\App.StationDemo.Station\App.StationDemo.Station.csproj", "{9B248523-5686-4450-A989-5E6A648FFB1C}"
EndProject
Project("{2150E333-8FDC-42A3-9474-1A3956D46DE8}") = "NetFx", "NetFx", "{D1A52ECF-2BCC-4386-A0D9-26EE178E8CC7}"
EndProject
Project("{2150E333-8FDC-42A3-9474-1A3956D46DE8}") = "NetFx", "NetFx", "{937528B3-143E-45AF-8C59-7BC79DE8A3B2}"
EndProject
Project("{9A19103F-16F7-4668-BE54-9A1E7A4F7556}") = "Sers.Framework.Util", "Sers\Sers.Framework\Sers.Framework.Util\Sers.Framework.Util.csproj", "{3D53F15E-C05B-40B1-8C35-D704508C64AD}"
EndProject
Project("{2150E333-8FDC-42A3-9474-1A3956D46DE8}") = "Sers.Framework", "Sers.Framework", "{1B917B4D-2ED6-4D97-B06C-7C602427101F}"
EndProject
Project("{9A19103F-16F7-4668-BE54-9A1E7A4F7556}") = "Sers.Framework.DynamicCompile", "Sers\Sers.Framework\Sers.Framework.DynamicCompile\Sers.Framework.DynamicCompile.csproj", "{662E012A-63E3-45B9-95F4-1AE0D11A2759}"
EndProject
Project("{9A19103F-16F7-4668-BE54-9A1E7A4F7556}") = "Sers.Framework.Orm.Dapper.MsTest", "Test\Sers\Sers.Framework\Sers.Framework.Orm.Dapper.MsTest\Sers.Framework.Orm.Dapper.MsTest.csproj", "{7A9CDD67-184E-46D6-B631-08ABB76DF808}"
EndProject
Project("{9A19103F-16F7-4668-BE54-9A1E7A4F7556}") = "Sers.Framework.DynamicCompile.Demo", "Test\Sers\Sers.Framework\Sers.Framework.DynamicCompile.Demo\Sers.Framework.DynamicCompile.Demo.csproj", "{39F815BB-5FF6-46FB-8D42-4248C5949A3F}"
EndProject
Project("{9A19103F-16F7-4668-BE54-9A1E7A4F7556}") = "Sers.ServiceStation.Module.Bearer", "Sers\Sers.ServiceStation\Sers.ServiceStation.Module.Bearer\Sers.ServiceStation.Module.Bearer.csproj", "{3794B931-BE25-43CF-BB1E-564EB73CD9FF}"
EndProject
Project("{FAE04EC0-301F-11D3-BF4B-00C04F79EFBC}") = "Sers.Core.Db.Redis.Test", "Test\Sers\Sers.Core\Sers.Core.Db.Redis.Test\Sers.Core.Db.Redis.Test.csproj", "{5E2D00D9-17DF-4563-B055-8B9F19516CC7}"
EndProject
Global
	GlobalSection(SolutionConfigurationPlatforms) = preSolution
		Debug|Any CPU = Debug|Any CPU
		Release|Any CPU = Release|Any CPU
	EndGlobalSection
	GlobalSection(ProjectConfigurationPlatforms) = postSolution
		{642EE4FF-A6F0-4794-9AAB-636438FCE1D2}.Debug|Any CPU.ActiveCfg = Debug|Any CPU
		{642EE4FF-A6F0-4794-9AAB-636438FCE1D2}.Debug|Any CPU.Build.0 = Debug|Any CPU
		{642EE4FF-A6F0-4794-9AAB-636438FCE1D2}.Release|Any CPU.ActiveCfg = Release|Any CPU
		{642EE4FF-A6F0-4794-9AAB-636438FCE1D2}.Release|Any CPU.Build.0 = Release|Any CPU
		{30B20329-1629-4D11-BE06-27A5DBCB00B2}.Debug|Any CPU.ActiveCfg = Debug|Any CPU
		{30B20329-1629-4D11-BE06-27A5DBCB00B2}.Debug|Any CPU.Build.0 = Debug|Any CPU
		{30B20329-1629-4D11-BE06-27A5DBCB00B2}.Release|Any CPU.ActiveCfg = Release|Any CPU
		{30B20329-1629-4D11-BE06-27A5DBCB00B2}.Release|Any CPU.Build.0 = Release|Any CPU
		{6E69A650-C60E-4E6C-A725-B00E2B45C5B0}.Debug|Any CPU.ActiveCfg = Debug|Any CPU
		{6E69A650-C60E-4E6C-A725-B00E2B45C5B0}.Debug|Any CPU.Build.0 = Debug|Any CPU
		{6E69A650-C60E-4E6C-A725-B00E2B45C5B0}.Release|Any CPU.ActiveCfg = Release|Any CPU
		{6E69A650-C60E-4E6C-A725-B00E2B45C5B0}.Release|Any CPU.Build.0 = Release|Any CPU
		{0DEA61D5-6AD9-4371-A8B6-104BD641B365}.Debug|Any CPU.ActiveCfg = Debug|Any CPU
		{0DEA61D5-6AD9-4371-A8B6-104BD641B365}.Debug|Any CPU.Build.0 = Debug|Any CPU
		{0DEA61D5-6AD9-4371-A8B6-104BD641B365}.Release|Any CPU.ActiveCfg = Release|Any CPU
		{0DEA61D5-6AD9-4371-A8B6-104BD641B365}.Release|Any CPU.Build.0 = Release|Any CPU
		{E20EDAD4-E187-41E3-844B-F093B0AF094A}.Debug|Any CPU.ActiveCfg = Debug|Any CPU
		{E20EDAD4-E187-41E3-844B-F093B0AF094A}.Debug|Any CPU.Build.0 = Debug|Any CPU
		{E20EDAD4-E187-41E3-844B-F093B0AF094A}.Release|Any CPU.ActiveCfg = Release|Any CPU
		{E20EDAD4-E187-41E3-844B-F093B0AF094A}.Release|Any CPU.Build.0 = Release|Any CPU
		{F4AF1CAF-CDF5-4416-8E64-27512FE8296B}.Debug|Any CPU.ActiveCfg = Debug|Any CPU
		{F4AF1CAF-CDF5-4416-8E64-27512FE8296B}.Debug|Any CPU.Build.0 = Debug|Any CPU
		{F4AF1CAF-CDF5-4416-8E64-27512FE8296B}.Release|Any CPU.ActiveCfg = Release|Any CPU
		{F4AF1CAF-CDF5-4416-8E64-27512FE8296B}.Release|Any CPU.Build.0 = Release|Any CPU
		{6A9CAD1E-6EE3-4D16-ADE1-6A99374E2E0B}.Debug|Any CPU.ActiveCfg = Debug|Any CPU
		{6A9CAD1E-6EE3-4D16-ADE1-6A99374E2E0B}.Debug|Any CPU.Build.0 = Debug|Any CPU
		{6A9CAD1E-6EE3-4D16-ADE1-6A99374E2E0B}.Release|Any CPU.ActiveCfg = Release|Any CPU
		{6A9CAD1E-6EE3-4D16-ADE1-6A99374E2E0B}.Release|Any CPU.Build.0 = Release|Any CPU
		{77A2A85E-AE13-4B88-AAAD-329643EF858A}.Debug|Any CPU.ActiveCfg = Debug|Any CPU
		{77A2A85E-AE13-4B88-AAAD-329643EF858A}.Debug|Any CPU.Build.0 = Debug|Any CPU
		{77A2A85E-AE13-4B88-AAAD-329643EF858A}.Release|Any CPU.ActiveCfg = Release|Any CPU
		{77A2A85E-AE13-4B88-AAAD-329643EF858A}.Release|Any CPU.Build.0 = Release|Any CPU
		{D0AF5048-7854-44BB-94C5-50F734039626}.Debug|Any CPU.ActiveCfg = Debug|Any CPU
		{D0AF5048-7854-44BB-94C5-50F734039626}.Debug|Any CPU.Build.0 = Debug|Any CPU
		{D0AF5048-7854-44BB-94C5-50F734039626}.Release|Any CPU.ActiveCfg = Release|Any CPU
		{D0AF5048-7854-44BB-94C5-50F734039626}.Release|Any CPU.Build.0 = Release|Any CPU
		{AFAFF4CD-AEBD-424F-8722-1BA091B58571}.Debug|Any CPU.ActiveCfg = Debug|Any CPU
		{AFAFF4CD-AEBD-424F-8722-1BA091B58571}.Debug|Any CPU.Build.0 = Debug|Any CPU
		{AFAFF4CD-AEBD-424F-8722-1BA091B58571}.Release|Any CPU.ActiveCfg = Release|Any CPU
		{AFAFF4CD-AEBD-424F-8722-1BA091B58571}.Release|Any CPU.Build.0 = Release|Any CPU
		{C32FEDF7-6DA4-4555-A8D2-B68FDEE54D86}.Debug|Any CPU.ActiveCfg = Debug|Any CPU
		{C32FEDF7-6DA4-4555-A8D2-B68FDEE54D86}.Debug|Any CPU.Build.0 = Debug|Any CPU
		{C32FEDF7-6DA4-4555-A8D2-B68FDEE54D86}.Release|Any CPU.ActiveCfg = Release|Any CPU
		{C32FEDF7-6DA4-4555-A8D2-B68FDEE54D86}.Release|Any CPU.Build.0 = Release|Any CPU
		{8F8842BD-759B-44E5-988F-7CDFF59E3FA3}.Debug|Any CPU.ActiveCfg = Debug|Any CPU
		{8F8842BD-759B-44E5-988F-7CDFF59E3FA3}.Debug|Any CPU.Build.0 = Debug|Any CPU
		{8F8842BD-759B-44E5-988F-7CDFF59E3FA3}.Release|Any CPU.ActiveCfg = Release|Any CPU
		{8F8842BD-759B-44E5-988F-7CDFF59E3FA3}.Release|Any CPU.Build.0 = Release|Any CPU
		{6FFD872F-A4A4-4EFA-9B4D-4342BA6CF250}.Debug|Any CPU.ActiveCfg = Debug|Any CPU
		{6FFD872F-A4A4-4EFA-9B4D-4342BA6CF250}.Debug|Any CPU.Build.0 = Debug|Any CPU
		{6FFD872F-A4A4-4EFA-9B4D-4342BA6CF250}.Release|Any CPU.ActiveCfg = Release|Any CPU
		{6FFD872F-A4A4-4EFA-9B4D-4342BA6CF250}.Release|Any CPU.Build.0 = Release|Any CPU
		{0D2813D2-93F7-42ED-ACB5-A0FD1A915003}.Debug|Any CPU.ActiveCfg = Debug|Any CPU
		{0D2813D2-93F7-42ED-ACB5-A0FD1A915003}.Debug|Any CPU.Build.0 = Debug|Any CPU
		{0D2813D2-93F7-42ED-ACB5-A0FD1A915003}.Release|Any CPU.ActiveCfg = Release|Any CPU
		{0D2813D2-93F7-42ED-ACB5-A0FD1A915003}.Release|Any CPU.Build.0 = Release|Any CPU
		{F011CE03-FC11-4357-80F9-27808EC80E41}.Debug|Any CPU.ActiveCfg = Debug|Any CPU
		{F011CE03-FC11-4357-80F9-27808EC80E41}.Debug|Any CPU.Build.0 = Debug|Any CPU
		{F011CE03-FC11-4357-80F9-27808EC80E41}.Release|Any CPU.ActiveCfg = Release|Any CPU
		{F011CE03-FC11-4357-80F9-27808EC80E41}.Release|Any CPU.Build.0 = Release|Any CPU
		{4DF23DD3-8BB6-49FE-A0E1-3B808145F14A}.Debug|Any CPU.ActiveCfg = Debug|Any CPU
		{4DF23DD3-8BB6-49FE-A0E1-3B808145F14A}.Debug|Any CPU.Build.0 = Debug|Any CPU
		{4DF23DD3-8BB6-49FE-A0E1-3B808145F14A}.Release|Any CPU.ActiveCfg = Release|Any CPU
		{4DF23DD3-8BB6-49FE-A0E1-3B808145F14A}.Release|Any CPU.Build.0 = Release|Any CPU
		{A23FC09E-008D-42F7-9073-AAA23FFF78C7}.Debug|Any CPU.ActiveCfg = Debug|Any CPU
		{A23FC09E-008D-42F7-9073-AAA23FFF78C7}.Debug|Any CPU.Build.0 = Debug|Any CPU
		{A23FC09E-008D-42F7-9073-AAA23FFF78C7}.Release|Any CPU.ActiveCfg = Release|Any CPU
		{A23FC09E-008D-42F7-9073-AAA23FFF78C7}.Release|Any CPU.Build.0 = Release|Any CPU
		{8CF0BF1E-E470-4F5D-9337-6EECC0ADDAAC}.Debug|Any CPU.ActiveCfg = Debug|Any CPU
		{8CF0BF1E-E470-4F5D-9337-6EECC0ADDAAC}.Debug|Any CPU.Build.0 = Debug|Any CPU
		{8CF0BF1E-E470-4F5D-9337-6EECC0ADDAAC}.Release|Any CPU.ActiveCfg = Release|Any CPU
		{8CF0BF1E-E470-4F5D-9337-6EECC0ADDAAC}.Release|Any CPU.Build.0 = Release|Any CPU
		{85CD83E7-26BD-4BF9-BD4C-ADFC0DBEE1C2}.Debug|Any CPU.ActiveCfg = Debug|Any CPU
		{85CD83E7-26BD-4BF9-BD4C-ADFC0DBEE1C2}.Debug|Any CPU.Build.0 = Debug|Any CPU
		{85CD83E7-26BD-4BF9-BD4C-ADFC0DBEE1C2}.Release|Any CPU.ActiveCfg = Release|Any CPU
		{85CD83E7-26BD-4BF9-BD4C-ADFC0DBEE1C2}.Release|Any CPU.Build.0 = Release|Any CPU
		{87219F66-B796-4F81-8742-343468285C02}.Debug|Any CPU.ActiveCfg = Debug|Any CPU
		{87219F66-B796-4F81-8742-343468285C02}.Debug|Any CPU.Build.0 = Debug|Any CPU
		{87219F66-B796-4F81-8742-343468285C02}.Release|Any CPU.ActiveCfg = Release|Any CPU
		{87219F66-B796-4F81-8742-343468285C02}.Release|Any CPU.Build.0 = Release|Any CPU
		{6381C523-FAB4-4288-B4EE-D0C30FF41055}.Debug|Any CPU.ActiveCfg = Debug|Any CPU
		{6381C523-FAB4-4288-B4EE-D0C30FF41055}.Debug|Any CPU.Build.0 = Debug|Any CPU
		{6381C523-FAB4-4288-B4EE-D0C30FF41055}.Release|Any CPU.ActiveCfg = Release|Any CPU
		{6381C523-FAB4-4288-B4EE-D0C30FF41055}.Release|Any CPU.Build.0 = Release|Any CPU
		{C47EE1C6-4CBB-48EE-ABD5-8561F634943B}.Debug|Any CPU.ActiveCfg = Debug|Any CPU
		{C47EE1C6-4CBB-48EE-ABD5-8561F634943B}.Debug|Any CPU.Build.0 = Debug|Any CPU
		{C47EE1C6-4CBB-48EE-ABD5-8561F634943B}.Release|Any CPU.ActiveCfg = Release|Any CPU
		{C47EE1C6-4CBB-48EE-ABD5-8561F634943B}.Release|Any CPU.Build.0 = Release|Any CPU
		{83433738-91A6-452D-BE86-94E328B07408}.Debug|Any CPU.ActiveCfg = Debug|Any CPU
		{83433738-91A6-452D-BE86-94E328B07408}.Debug|Any CPU.Build.0 = Debug|Any CPU
		{83433738-91A6-452D-BE86-94E328B07408}.Release|Any CPU.ActiveCfg = Release|Any CPU
		{83433738-91A6-452D-BE86-94E328B07408}.Release|Any CPU.Build.0 = Release|Any CPU
		{96029C66-FBE1-4CFD-8B3C-3C87B9C4C5EA}.Debug|Any CPU.ActiveCfg = Debug|Any CPU
		{96029C66-FBE1-4CFD-8B3C-3C87B9C4C5EA}.Debug|Any CPU.Build.0 = Debug|Any CPU
		{96029C66-FBE1-4CFD-8B3C-3C87B9C4C5EA}.Release|Any CPU.ActiveCfg = Release|Any CPU
		{96029C66-FBE1-4CFD-8B3C-3C87B9C4C5EA}.Release|Any CPU.Build.0 = Release|Any CPU
		{630DB1CA-5E81-4E6E-8060-3043FF73A467}.Debug|Any CPU.ActiveCfg = Debug|Any CPU
		{630DB1CA-5E81-4E6E-8060-3043FF73A467}.Debug|Any CPU.Build.0 = Debug|Any CPU
		{630DB1CA-5E81-4E6E-8060-3043FF73A467}.Release|Any CPU.ActiveCfg = Release|Any CPU
		{630DB1CA-5E81-4E6E-8060-3043FF73A467}.Release|Any CPU.Build.0 = Release|Any CPU
		{9BBF6C9F-B990-4429-BD34-200E8196AEA0}.Debug|Any CPU.ActiveCfg = Debug|Any CPU
		{9BBF6C9F-B990-4429-BD34-200E8196AEA0}.Debug|Any CPU.Build.0 = Debug|Any CPU
		{9BBF6C9F-B990-4429-BD34-200E8196AEA0}.Release|Any CPU.ActiveCfg = Release|Any CPU
		{9BBF6C9F-B990-4429-BD34-200E8196AEA0}.Release|Any CPU.Build.0 = Release|Any CPU
		{98FE9685-1024-4B33-82B4-33697D975BDC}.Debug|Any CPU.ActiveCfg = Debug|Any CPU
		{98FE9685-1024-4B33-82B4-33697D975BDC}.Debug|Any CPU.Build.0 = Debug|Any CPU
		{98FE9685-1024-4B33-82B4-33697D975BDC}.Release|Any CPU.ActiveCfg = Release|Any CPU
		{98FE9685-1024-4B33-82B4-33697D975BDC}.Release|Any CPU.Build.0 = Release|Any CPU
		{DBB76CBF-D786-4BB0-98F0-09AECB2C0364}.Debug|Any CPU.ActiveCfg = Debug|Any CPU
		{DBB76CBF-D786-4BB0-98F0-09AECB2C0364}.Debug|Any CPU.Build.0 = Debug|Any CPU
		{DBB76CBF-D786-4BB0-98F0-09AECB2C0364}.Release|Any CPU.ActiveCfg = Release|Any CPU
		{DBB76CBF-D786-4BB0-98F0-09AECB2C0364}.Release|Any CPU.Build.0 = Release|Any CPU
		{6EF7FADF-55A0-4855-A810-6BD3FE2B40AE}.Debug|Any CPU.ActiveCfg = Debug|Any CPU
		{6EF7FADF-55A0-4855-A810-6BD3FE2B40AE}.Debug|Any CPU.Build.0 = Debug|Any CPU
		{6EF7FADF-55A0-4855-A810-6BD3FE2B40AE}.Release|Any CPU.ActiveCfg = Release|Any CPU
		{6EF7FADF-55A0-4855-A810-6BD3FE2B40AE}.Release|Any CPU.Build.0 = Release|Any CPU
		{FA08C14A-E3B3-4F85-85FA-969AC696C6DD}.Debug|Any CPU.ActiveCfg = Debug|Any CPU
		{FA08C14A-E3B3-4F85-85FA-969AC696C6DD}.Debug|Any CPU.Build.0 = Debug|Any CPU
		{FA08C14A-E3B3-4F85-85FA-969AC696C6DD}.Release|Any CPU.ActiveCfg = Release|Any CPU
		{FA08C14A-E3B3-4F85-85FA-969AC696C6DD}.Release|Any CPU.Build.0 = Release|Any CPU
		{61ECED50-F8B7-4B6B-9E63-B35F73ADE496}.Debug|Any CPU.ActiveCfg = Debug|Any CPU
		{61ECED50-F8B7-4B6B-9E63-B35F73ADE496}.Debug|Any CPU.Build.0 = Debug|Any CPU
		{61ECED50-F8B7-4B6B-9E63-B35F73ADE496}.Release|Any CPU.ActiveCfg = Release|Any CPU
		{61ECED50-F8B7-4B6B-9E63-B35F73ADE496}.Release|Any CPU.Build.0 = Release|Any CPU
		{04FF957B-8B96-49BE-95C0-6F6F7F272003}.Debug|Any CPU.ActiveCfg = Debug|Any CPU
		{04FF957B-8B96-49BE-95C0-6F6F7F272003}.Debug|Any CPU.Build.0 = Debug|Any CPU
		{04FF957B-8B96-49BE-95C0-6F6F7F272003}.Release|Any CPU.ActiveCfg = Release|Any CPU
		{04FF957B-8B96-49BE-95C0-6F6F7F272003}.Release|Any CPU.Build.0 = Release|Any CPU
		{ADB18B58-92DC-4AC7-B4D8-ECF26F796737}.Debug|Any CPU.ActiveCfg = Debug|Any CPU
		{ADB18B58-92DC-4AC7-B4D8-ECF26F796737}.Debug|Any CPU.Build.0 = Debug|Any CPU
		{ADB18B58-92DC-4AC7-B4D8-ECF26F796737}.Release|Any CPU.ActiveCfg = Release|Any CPU
		{ADB18B58-92DC-4AC7-B4D8-ECF26F796737}.Release|Any CPU.Build.0 = Release|Any CPU
		{61517D86-B111-46B5-857E-A4EEB4F47D15}.Debug|Any CPU.ActiveCfg = Debug|Any CPU
		{61517D86-B111-46B5-857E-A4EEB4F47D15}.Debug|Any CPU.Build.0 = Debug|Any CPU
		{61517D86-B111-46B5-857E-A4EEB4F47D15}.Release|Any CPU.ActiveCfg = Release|Any CPU
		{61517D86-B111-46B5-857E-A4EEB4F47D15}.Release|Any CPU.Build.0 = Release|Any CPU
		{1E63621A-0C01-4BCF-BA63-1C029E1970A4}.Debug|Any CPU.ActiveCfg = Debug|Any CPU
		{1E63621A-0C01-4BCF-BA63-1C029E1970A4}.Debug|Any CPU.Build.0 = Debug|Any CPU
		{1E63621A-0C01-4BCF-BA63-1C029E1970A4}.Release|Any CPU.ActiveCfg = Release|Any CPU
		{1E63621A-0C01-4BCF-BA63-1C029E1970A4}.Release|Any CPU.Build.0 = Release|Any CPU
		{D5E5137E-CB3C-4E1A-B5D0-AE4BC95379E2}.Debug|Any CPU.ActiveCfg = Debug|Any CPU
		{D5E5137E-CB3C-4E1A-B5D0-AE4BC95379E2}.Debug|Any CPU.Build.0 = Debug|Any CPU
		{D5E5137E-CB3C-4E1A-B5D0-AE4BC95379E2}.Release|Any CPU.ActiveCfg = Release|Any CPU
		{D5E5137E-CB3C-4E1A-B5D0-AE4BC95379E2}.Release|Any CPU.Build.0 = Release|Any CPU
		{8BA54992-95BC-400E-A427-9BFB5DC204D8}.Debug|Any CPU.ActiveCfg = Debug|Any CPU
		{8BA54992-95BC-400E-A427-9BFB5DC204D8}.Debug|Any CPU.Build.0 = Debug|Any CPU
		{8BA54992-95BC-400E-A427-9BFB5DC204D8}.Release|Any CPU.ActiveCfg = Release|Any CPU
		{8BA54992-95BC-400E-A427-9BFB5DC204D8}.Release|Any CPU.Build.0 = Release|Any CPU
		{E57D30B5-2578-4F0F-9F06-C3C784DB29CC}.Debug|Any CPU.ActiveCfg = Debug|Any CPU
		{E57D30B5-2578-4F0F-9F06-C3C784DB29CC}.Debug|Any CPU.Build.0 = Debug|Any CPU
		{E57D30B5-2578-4F0F-9F06-C3C784DB29CC}.Release|Any CPU.ActiveCfg = Release|Any CPU
		{E57D30B5-2578-4F0F-9F06-C3C784DB29CC}.Release|Any CPU.Build.0 = Release|Any CPU
		{6C42D043-3E3E-4DD6-B9DC-DC63A52050FB}.Debug|Any CPU.ActiveCfg = Debug|Any CPU
		{6C42D043-3E3E-4DD6-B9DC-DC63A52050FB}.Debug|Any CPU.Build.0 = Debug|Any CPU
		{6C42D043-3E3E-4DD6-B9DC-DC63A52050FB}.Release|Any CPU.ActiveCfg = Release|Any CPU
		{6C42D043-3E3E-4DD6-B9DC-DC63A52050FB}.Release|Any CPU.Build.0 = Release|Any CPU
		{CE48004A-EDBA-49DD-86CD-A3E1F177D33B}.Debug|Any CPU.ActiveCfg = Debug|Any CPU
		{CE48004A-EDBA-49DD-86CD-A3E1F177D33B}.Debug|Any CPU.Build.0 = Debug|Any CPU
		{CE48004A-EDBA-49DD-86CD-A3E1F177D33B}.Release|Any CPU.ActiveCfg = Release|Any CPU
		{CE48004A-EDBA-49DD-86CD-A3E1F177D33B}.Release|Any CPU.Build.0 = Release|Any CPU
		{1B33D4CE-F681-4464-81B7-E9FD6535C4FB}.Debug|Any CPU.ActiveCfg = Debug|Any CPU
		{1B33D4CE-F681-4464-81B7-E9FD6535C4FB}.Debug|Any CPU.Build.0 = Debug|Any CPU
		{1B33D4CE-F681-4464-81B7-E9FD6535C4FB}.Release|Any CPU.ActiveCfg = Release|Any CPU
		{1B33D4CE-F681-4464-81B7-E9FD6535C4FB}.Release|Any CPU.Build.0 = Release|Any CPU
		{B954E79B-BAD7-4116-98FC-FB60E6124B23}.Debug|Any CPU.ActiveCfg = Debug|Any CPU
		{B954E79B-BAD7-4116-98FC-FB60E6124B23}.Debug|Any CPU.Build.0 = Debug|Any CPU
		{B954E79B-BAD7-4116-98FC-FB60E6124B23}.Release|Any CPU.ActiveCfg = Release|Any CPU
		{B954E79B-BAD7-4116-98FC-FB60E6124B23}.Release|Any CPU.Build.0 = Release|Any CPU
		{70624F6B-C7E3-4E40-AD87-53222DBD6EC3}.Debug|Any CPU.ActiveCfg = Debug|Any CPU
		{70624F6B-C7E3-4E40-AD87-53222DBD6EC3}.Debug|Any CPU.Build.0 = Debug|Any CPU
		{70624F6B-C7E3-4E40-AD87-53222DBD6EC3}.Release|Any CPU.ActiveCfg = Release|Any CPU
		{70624F6B-C7E3-4E40-AD87-53222DBD6EC3}.Release|Any CPU.Build.0 = Release|Any CPU
		{46E3608B-5A2D-4280-9819-CC9542D70C20}.Debug|Any CPU.ActiveCfg = Debug|Any CPU
		{46E3608B-5A2D-4280-9819-CC9542D70C20}.Debug|Any CPU.Build.0 = Debug|Any CPU
		{46E3608B-5A2D-4280-9819-CC9542D70C20}.Release|Any CPU.ActiveCfg = Release|Any CPU
		{46E3608B-5A2D-4280-9819-CC9542D70C20}.Release|Any CPU.Build.0 = Release|Any CPU
		{F0F48F25-90A0-43F8-91FB-8D4D3E179EBC}.Debug|Any CPU.ActiveCfg = Debug|Any CPU
		{F0F48F25-90A0-43F8-91FB-8D4D3E179EBC}.Debug|Any CPU.Build.0 = Debug|Any CPU
		{F0F48F25-90A0-43F8-91FB-8D4D3E179EBC}.Release|Any CPU.ActiveCfg = Release|Any CPU
		{F0F48F25-90A0-43F8-91FB-8D4D3E179EBC}.Release|Any CPU.Build.0 = Release|Any CPU
		{9B248523-5686-4450-A989-5E6A648FFB1C}.Debug|Any CPU.ActiveCfg = Debug|Any CPU
		{9B248523-5686-4450-A989-5E6A648FFB1C}.Debug|Any CPU.Build.0 = Debug|Any CPU
		{9B248523-5686-4450-A989-5E6A648FFB1C}.Release|Any CPU.ActiveCfg = Release|Any CPU
		{9B248523-5686-4450-A989-5E6A648FFB1C}.Release|Any CPU.Build.0 = Release|Any CPU
		{3D53F15E-C05B-40B1-8C35-D704508C64AD}.Debug|Any CPU.ActiveCfg = Debug|Any CPU
		{3D53F15E-C05B-40B1-8C35-D704508C64AD}.Debug|Any CPU.Build.0 = Debug|Any CPU
		{3D53F15E-C05B-40B1-8C35-D704508C64AD}.Release|Any CPU.ActiveCfg = Release|Any CPU
		{3D53F15E-C05B-40B1-8C35-D704508C64AD}.Release|Any CPU.Build.0 = Release|Any CPU
		{662E012A-63E3-45B9-95F4-1AE0D11A2759}.Debug|Any CPU.ActiveCfg = Debug|Any CPU
		{662E012A-63E3-45B9-95F4-1AE0D11A2759}.Debug|Any CPU.Build.0 = Debug|Any CPU
		{662E012A-63E3-45B9-95F4-1AE0D11A2759}.Release|Any CPU.ActiveCfg = Release|Any CPU
		{662E012A-63E3-45B9-95F4-1AE0D11A2759}.Release|Any CPU.Build.0 = Release|Any CPU
		{7A9CDD67-184E-46D6-B631-08ABB76DF808}.Debug|Any CPU.ActiveCfg = Debug|Any CPU
		{7A9CDD67-184E-46D6-B631-08ABB76DF808}.Debug|Any CPU.Build.0 = Debug|Any CPU
		{7A9CDD67-184E-46D6-B631-08ABB76DF808}.Release|Any CPU.ActiveCfg = Release|Any CPU
		{7A9CDD67-184E-46D6-B631-08ABB76DF808}.Release|Any CPU.Build.0 = Release|Any CPU
		{39F815BB-5FF6-46FB-8D42-4248C5949A3F}.Debug|Any CPU.ActiveCfg = Debug|Any CPU
		{39F815BB-5FF6-46FB-8D42-4248C5949A3F}.Debug|Any CPU.Build.0 = Debug|Any CPU
		{39F815BB-5FF6-46FB-8D42-4248C5949A3F}.Release|Any CPU.ActiveCfg = Release|Any CPU
		{39F815BB-5FF6-46FB-8D42-4248C5949A3F}.Release|Any CPU.Build.0 = Release|Any CPU
		{3794B931-BE25-43CF-BB1E-564EB73CD9FF}.Debug|Any CPU.ActiveCfg = Debug|Any CPU
		{3794B931-BE25-43CF-BB1E-564EB73CD9FF}.Debug|Any CPU.Build.0 = Debug|Any CPU
		{3794B931-BE25-43CF-BB1E-564EB73CD9FF}.Release|Any CPU.ActiveCfg = Release|Any CPU
		{3794B931-BE25-43CF-BB1E-564EB73CD9FF}.Release|Any CPU.Build.0 = Release|Any CPU
		{5E2D00D9-17DF-4563-B055-8B9F19516CC7}.Debug|Any CPU.ActiveCfg = Debug|Any CPU
		{5E2D00D9-17DF-4563-B055-8B9F19516CC7}.Debug|Any CPU.Build.0 = Debug|Any CPU
		{5E2D00D9-17DF-4563-B055-8B9F19516CC7}.Release|Any CPU.ActiveCfg = Release|Any CPU
		{5E2D00D9-17DF-4563-B055-8B9F19516CC7}.Release|Any CPU.Build.0 = Release|Any CPU
	EndGlobalSection
	GlobalSection(SolutionProperties) = preSolution
		HideSolutionNode = FALSE
	EndGlobalSection
	GlobalSection(NestedProjects) = preSolution
		{C3954FC1-88A0-4915-AF47-E0B75AAAA63A} = {5522AB94-C73C-4BB6-A2DB-8E84061D0D14}
		{97C34C06-AE79-4E1A-8D04-EB0107643302} = {5522AB94-C73C-4BB6-A2DB-8E84061D0D14}
		{43888F55-C8DF-43CA-94D5-8CED6AE66D67} = {5522AB94-C73C-4BB6-A2DB-8E84061D0D14}
		{F710260F-7709-4F15-8278-6C9F2D0DA1A2} = {43888F55-C8DF-43CA-94D5-8CED6AE66D67}
		{EB574263-E1FD-4DEA-BFC2-71FF59EFB748} = {43888F55-C8DF-43CA-94D5-8CED6AE66D67}
		{87F5480C-9740-4E31-8F70-5040B0641E3D} = {5522AB94-C73C-4BB6-A2DB-8E84061D0D14}
		{4437D3BD-7242-46C2-9814-E6594CA83928} = {5522AB94-C73C-4BB6-A2DB-8E84061D0D14}
		{ADF8B647-D701-4460-8384-8FA8E7FAEC11} = {86BF2DF5-DB63-4C2B-B870-49F40DE6AD0B}
		{3E627B33-8349-446E-BAE9-884FCE3595D1} = {86BF2DF5-DB63-4C2B-B870-49F40DE6AD0B}
		{D06867E2-E739-4E00-827A-F604E9844CBD} = {86BF2DF5-DB63-4C2B-B870-49F40DE6AD0B}
		{B90A101E-1CBA-4530-8873-0B665847B4E1} = {3E627B33-8349-446E-BAE9-884FCE3595D1}
		{17AC4AD4-C7B7-4F50-ABA1-CEB6EC94C43B} = {32CB41BB-D42B-422A-9618-B3D704581A6E}
		{CCB89D33-CC99-4199-9612-40FA898BC9B1} = {32CB41BB-D42B-422A-9618-B3D704581A6E}
		{F9E47D10-858A-44D4-97F3-E1FEEE288E10} = {CCB89D33-CC99-4199-9612-40FA898BC9B1}
		{94D1C546-163D-484C-B042-8B395671C426} = {CCB89D33-CC99-4199-9612-40FA898BC9B1}
		{642EE4FF-A6F0-4794-9AAB-636438FCE1D2} = {ADF8B647-D701-4460-8384-8FA8E7FAEC11}
		{30B20329-1629-4D11-BE06-27A5DBCB00B2} = {D06867E2-E739-4E00-827A-F604E9844CBD}
		{08187059-D926-4565-BAFE-CFCA76972388} = {5522AB94-C73C-4BB6-A2DB-8E84061D0D14}
		{2FF3A992-36AB-4369-A05B-7684D0B457AF} = {3E627B33-8349-446E-BAE9-884FCE3595D1}
		{8988A6B7-DAA2-4C0A-9679-7EEACF579DF6} = {ADF8B647-D701-4460-8384-8FA8E7FAEC11}
		{162A9579-AC56-4600-AB0E-CB4F2D074835} = {8988A6B7-DAA2-4C0A-9679-7EEACF579DF6}
		{DA21E7C9-1962-42E3-813F-BF411DA4A71B} = {8988A6B7-DAA2-4C0A-9679-7EEACF579DF6}
		{B869DCD0-0573-41C1-82D6-59C5FF17C315} = {3E627B33-8349-446E-BAE9-884FCE3595D1}
		{B9DBEC9A-1220-484C-A6C3-FF10757F117A} = {5522AB94-C73C-4BB6-A2DB-8E84061D0D14}
		{6E69A650-C60E-4E6C-A725-B00E2B45C5B0} = {B9DBEC9A-1220-484C-A6C3-FF10757F117A}
		{9D8E52DE-A34A-40B7-AA24-AD960D314B44} = {B9DBEC9A-1220-484C-A6C3-FF10757F117A}
		{0DEA61D5-6AD9-4371-A8B6-104BD641B365} = {9D8E52DE-A34A-40B7-AA24-AD960D314B44}
		{32CB41BB-D42B-422A-9618-B3D704581A6E} = {2A446DD2-B791-4BE8-8BE9-C9B57CAE362D}
		{C76C496D-1C93-4D94-9398-F500D32ACEE1} = {08187059-D926-4565-BAFE-CFCA76972388}
		{E20EDAD4-E187-41E3-844B-F093B0AF094A} = {C76C496D-1C93-4D94-9398-F500D32ACEE1}
		{51135ED3-5A3C-4585-8477-90DBFCEB564F} = {32CB41BB-D42B-422A-9618-B3D704581A6E}
		{3CBB2892-4F56-4BBE-8C11-FBF278CA1D33} = {51135ED3-5A3C-4585-8477-90DBFCEB564F}
		{F4AF1CAF-CDF5-4416-8E64-27512FE8296B} = {3CBB2892-4F56-4BBE-8C11-FBF278CA1D33}
		{6A9CAD1E-6EE3-4D16-ADE1-6A99374E2E0B} = {C3954FC1-88A0-4915-AF47-E0B75AAAA63A}
		{77A2A85E-AE13-4B88-AAAD-329643EF858A} = {C3954FC1-88A0-4915-AF47-E0B75AAAA63A}
		{D0AF5048-7854-44BB-94C5-50F734039626} = {C3954FC1-88A0-4915-AF47-E0B75AAAA63A}
		{AFAFF4CD-AEBD-424F-8722-1BA091B58571} = {C3954FC1-88A0-4915-AF47-E0B75AAAA63A}
		{C32FEDF7-6DA4-4555-A8D2-B68FDEE54D86} = {4437D3BD-7242-46C2-9814-E6594CA83928}
		{8F8842BD-759B-44E5-988F-7CDFF59E3FA3} = {F710260F-7709-4F15-8278-6C9F2D0DA1A2}
		{6FFD872F-A4A4-4EFA-9B4D-4342BA6CF250} = {EB574263-E1FD-4DEA-BFC2-71FF59EFB748}
		{0D2813D2-93F7-42ED-ACB5-A0FD1A915003} = {EB574263-E1FD-4DEA-BFC2-71FF59EFB748}
		{F011CE03-FC11-4357-80F9-27808EC80E41} = {EB574263-E1FD-4DEA-BFC2-71FF59EFB748}
		{4DF23DD3-8BB6-49FE-A0E1-3B808145F14A} = {87F5480C-9740-4E31-8F70-5040B0641E3D}
		{A23FC09E-008D-42F7-9073-AAA23FFF78C7} = {97C34C06-AE79-4E1A-8D04-EB0107643302}
		{8CF0BF1E-E470-4F5D-9337-6EECC0ADDAAC} = {162A9579-AC56-4600-AB0E-CB4F2D074835}
		{85CD83E7-26BD-4BF9-BD4C-ADFC0DBEE1C2} = {162A9579-AC56-4600-AB0E-CB4F2D074835}
		{87219F66-B796-4F81-8742-343468285C02} = {DA21E7C9-1962-42E3-813F-BF411DA4A71B}
		{6381C523-FAB4-4288-B4EE-D0C30FF41055} = {ADF8B647-D701-4460-8384-8FA8E7FAEC11}
		{C47EE1C6-4CBB-48EE-ABD5-8561F634943B} = {17AC4AD4-C7B7-4F50-ABA1-CEB6EC94C43B}
		{83433738-91A6-452D-BE86-94E328B07408} = {17AC4AD4-C7B7-4F50-ABA1-CEB6EC94C43B}
		{96029C66-FBE1-4CFD-8B3C-3C87B9C4C5EA} = {17AC4AD4-C7B7-4F50-ABA1-CEB6EC94C43B}
		{630DB1CA-5E81-4E6E-8060-3043FF73A467} = {17AC4AD4-C7B7-4F50-ABA1-CEB6EC94C43B}
		{9BBF6C9F-B990-4429-BD34-200E8196AEA0} = {17AC4AD4-C7B7-4F50-ABA1-CEB6EC94C43B}
		{98FE9685-1024-4B33-82B4-33697D975BDC} = {17AC4AD4-C7B7-4F50-ABA1-CEB6EC94C43B}
		{DBB76CBF-D786-4BB0-98F0-09AECB2C0364} = {F9E47D10-858A-44D4-97F3-E1FEEE288E10}
		{6EF7FADF-55A0-4855-A810-6BD3FE2B40AE} = {94D1C546-163D-484C-B042-8B395671C426}
		{87058FBF-2B58-4A2F-A2D1-FD6DB7FA42DD} = {CCB89D33-CC99-4199-9612-40FA898BC9B1}
		{FA08C14A-E3B3-4F85-85FA-969AC696C6DD} = {87058FBF-2B58-4A2F-A2D1-FD6DB7FA42DD}
		{61ECED50-F8B7-4B6B-9E63-B35F73ADE496} = {87058FBF-2B58-4A2F-A2D1-FD6DB7FA42DD}
		{04FF957B-8B96-49BE-95C0-6F6F7F272003} = {AD3EE036-C56F-4AD2-AC30-7FCCC99742F2}
		{8B1023D3-475B-4312-B3EF-66A56750C9A8} = {2A446DD2-B791-4BE8-8BE9-C9B57CAE362D}
		{ADB18B58-92DC-4AC7-B4D8-ECF26F796737} = {8B1023D3-475B-4312-B3EF-66A56750C9A8}
		{61517D86-B111-46B5-857E-A4EEB4F47D15} = {8B1023D3-475B-4312-B3EF-66A56750C9A8}
		{C55A3959-DE28-4AC1-90C7-317EDD317308} = {3E627B33-8349-446E-BAE9-884FCE3595D1}
		{1E63621A-0C01-4BCF-BA63-1C029E1970A4} = {B90A101E-1CBA-4530-8873-0B665847B4E1}
		{D5E5137E-CB3C-4E1A-B5D0-AE4BC95379E2} = {B90A101E-1CBA-4530-8873-0B665847B4E1}
		{DE04844B-FB5E-4DDD-B787-984D225BEDE2} = {86BF2DF5-DB63-4C2B-B870-49F40DE6AD0B}
		{8BA54992-95BC-400E-A427-9BFB5DC204D8} = {DE04844B-FB5E-4DDD-B787-984D225BEDE2}
		{E57D30B5-2578-4F0F-9F06-C3C784DB29CC} = {DE04844B-FB5E-4DDD-B787-984D225BEDE2}
		{F6D90A49-B744-4264-A988-B3EB7C8BA15C} = {5522AB94-C73C-4BB6-A2DB-8E84061D0D14}
		{6C42D043-3E3E-4DD6-B9DC-DC63A52050FB} = {F6D90A49-B744-4264-A988-B3EB7C8BA15C}
		{CE48004A-EDBA-49DD-86CD-A3E1F177D33B} = {F6D90A49-B744-4264-A988-B3EB7C8BA15C}
		{1B33D4CE-F681-4464-81B7-E9FD6535C4FB} = {DE04844B-FB5E-4DDD-B787-984D225BEDE2}
		{B954E79B-BAD7-4116-98FC-FB60E6124B23} = {C3954FC1-88A0-4915-AF47-E0B75AAAA63A}
		{856B2594-2D8E-49BA-BB7D-64FE1FEFA532} = {3E627B33-8349-446E-BAE9-884FCE3595D1}
		{70624F6B-C7E3-4E40-AD87-53222DBD6EC3} = {856B2594-2D8E-49BA-BB7D-64FE1FEFA532}
		{46E3608B-5A2D-4280-9819-CC9542D70C20} = {856B2594-2D8E-49BA-BB7D-64FE1FEFA532}
		{F0F48F25-90A0-43F8-91FB-8D4D3E179EBC} = {B869DCD0-0573-41C1-82D6-59C5FF17C315}
		{9B248523-5686-4450-A989-5E6A648FFB1C} = {2FF3A992-36AB-4369-A05B-7684D0B457AF}
		{D1A52ECF-2BCC-4386-A0D9-26EE178E8CC7} = {2A446DD2-B791-4BE8-8BE9-C9B57CAE362D}
		{937528B3-143E-45AF-8C59-7BC79DE8A3B2} = {856B2594-2D8E-49BA-BB7D-64FE1FEFA532}
		{3D53F15E-C05B-40B1-8C35-D704508C64AD} = {F6D90A49-B744-4264-A988-B3EB7C8BA15C}
		{1B917B4D-2ED6-4D97-B06C-7C602427101F} = {32CB41BB-D42B-422A-9618-B3D704581A6E}
		{662E012A-63E3-45B9-95F4-1AE0D11A2759} = {F6D90A49-B744-4264-A988-B3EB7C8BA15C}
		{7A9CDD67-184E-46D6-B631-08ABB76DF808} = {1B917B4D-2ED6-4D97-B06C-7C602427101F}
		{39F815BB-5FF6-46FB-8D42-4248C5949A3F} = {1B917B4D-2ED6-4D97-B06C-7C602427101F}
		{3794B931-BE25-43CF-BB1E-564EB73CD9FF} = {87F5480C-9740-4E31-8F70-5040B0641E3D}
		{5E2D00D9-17DF-4563-B055-8B9F19516CC7} = {17AC4AD4-C7B7-4F50-ABA1-CEB6EC94C43B}
	EndGlobalSection
	GlobalSection(ExtensibilityGlobals) = postSolution
		SolutionGuid = {C7DA16E3-9949-49FA-B0B4-F830636DE60F}
	EndGlobalSection
EndGlobal
